// !$*UTF8*$!
{
	archiveVersion = 1;
	classes = {
	};
	objectVersion = 63;
	objects = {

/* Begin PBXBuildFile section */
		00A1B2C3D4E5F60718293A4B /* AudioEngine.swift in Sources */ = {isa = PBXBuildFile; fileRef = A1B2C3D4E5F60718293A4B5C /* AudioEngine.swift */; };
		00A1B2C3D4E5F60718293A5C /* AudioEngine.swift in Sources */ = {isa = PBXBuildFile; fileRef = A1B2C3D4E5F60718293A4B5C /* AudioEngine.swift */; };
		00DD1F1CA1B2C3D4E5F60701 /* DifficultyLevel.swift in Sources */ = {isa = PBXBuildFile; fileRef = EE1F1CA1B2C3D4E5F6070102 /* DifficultyLevel.swift */; };
		00EEE68720960E08F7DF6855 /* PitchAccuracy.swift in Sources */ = {isa = PBXBuildFile; fileRef = D6E3866A26CEA25A5361E33C /* PitchAccuracy.swift */; };
		018FDB9EB144C35A12F2B395 /* SongStatusBadge.swift in Sources */ = {isa = PBXBuildFile; fileRef = 6D838B316EBD35DBA8F5C732 /* SongStatusBadge.swift */; };
		041194E9D875882E304AA4F8 /* PracticeViewModel.swift in Sources */ = {isa = PBXBuildFile; fileRef = DD158E2B7A33E186A33FF9E4 /* PracticeViewModel.swift */; };
		063BC7053F48B733905F3BDF /* PitchDetector.swift in Sources */ = {isa = PBXBuildFile; fileRef = 9599FF7799AB1A9E728BE069 /* PitchDetector.swift */; };
		093B0111B65DC056F03AF94C /* APIEndpoint.swift in Sources */ = {isa = PBXBuildFile; fileRef = 5CB6CC47542E2A29D674A5CD /* APIEndpoint.swift */; };
		0CCFE13190CA8BC994A57880 /* SessionModels.swift in Sources */ = {isa = PBXBuildFile; fileRef = 69623959F702B91020E1C3F1 /* SessionModels.swift */; };
		0E0286805F5CE41A90837336 /* PlatformColors.swift in Sources */ = {isa = PBXBuildFile; fileRef = DB8A307C4CE851A699727E97 /* PlatformColors.swift */; };
		0F4A459C44DA3E1F59F42438 /* PianoRollMomentumEngine.swift in Sources */ = {isa = PBXBuildFile; fileRef = 2F993E47BCE88D2B242C83AE /* PianoRollMomentumEngine.swift */; };
		1121B2EEB4D48BBF9065A8CD /* StemDownloader.swift in Sources */ = {isa = PBXBuildFile; fileRef = C38386796F7F9FCA92E8F887 /* StemDownloader.swift */; };
		1391F8B41593BAA8E486EF65 /* ExerciseDefinitions.swift in Sources */ = {isa = PBXBuildFile; fileRef = 922518DBC2492529E9DED83A /* ExerciseDefinitions.swift */; };
		15414742F5841832BB1ECB4F /* ProfileView.swift in Sources */ = {isa = PBXBuildFile; fileRef = DDAAE236C7E1D23140BC63C2 /* ProfileView.swift */; };
		15B5BA5AE4BE0911AFF76C05 /* CurrentNoteView.swift in Sources */ = {isa = PBXBuildFile; fileRef = 1D10B56668E742CB8F91899B /* CurrentNoteView.swift */; };
		15BFFADAEB1CE7B74ABF8704 /* YouTubeURLValidatorTests.swift in Sources */ = {isa = PBXBuildFile; fileRef = CE49E8BF2A76F2E96618F17B /* YouTubeURLValidatorTests.swift */; };
		1681626AD31A43F10FE81A9A /* ExercisePracticeViewModel.swift in Sources */ = {isa = PBXBuildFile; fileRef = C682B6234C631299654F8E6B /* ExercisePracticeViewModel.swift */; };
		18239F3DCE0A3FD281D951F4 /* Logger.swift in Sources */ = {isa = PBXBuildFile; fileRef = 9637DFE1383806910AB44110 /* Logger.swift */; };
		1877AFC68A5307C8DDA58D2A /* PianoRollGestureState.swift in Sources */ = {isa = PBXBuildFile; fileRef = 6C2F82C1288FD1831969F7AC /* PianoRollGestureState.swift */; };
		1B0237A3B570A9BD8571BDE8 /* SessionsViewModel.swift in Sources */ = {isa = PBXBuildFile; fileRef = 64575DA20C9301EBF76203B2 /* SessionsViewModel.swift */; };
		1C2F80424876CDCB4081075F /* WebViewPrewarmer.swift in Sources */ = {isa = PBXBuildFile; fileRef = 2F8933E58ABA95709B18A5B0 /* WebViewPrewarmer.swift */; };
		1CB974EA4CE0C0DE340762F6 /* ExercisePracticeView.swift in Sources */ = {isa = PBXBuildFile; fileRef = 15D584CD202B8D0825C5C689 /* ExercisePracticeView.swift */; };
		1DFED3CC58434EA9826BACE8 /* LoopState.swift in Sources */ = {isa = PBXBuildFile; fileRef = 5BDF7BCFBF727E3EDB26BFAA /* LoopState.swift */; };
		1FA1A600734D78B7AF26B4A0 /* PlaybackControlsView.swift in Sources */ = {isa = PBXBuildFile; fileRef = 7CE79DBF676DB40ABC0BF92A /* PlaybackControlsView.swift */; };
		20F64DF8BF9DAA37127F467F /* VideoAudioSync.swift in Sources */ = {isa = PBXBuildFile; fileRef = BFE40C36A3030574FC153F9C /* VideoAudioSync.swift */; };
		22403B6DC6484694DDF81E04 /* LoopScoreToastView.swift in Sources */ = {isa = PBXBuildFile; fileRef = 226EBB068E7A096222281A51 /* LoopScoreToastView.swift */; };
		287C8536B5893117206FE636 /* SongGridItemView.swift in Sources */ = {isa = PBXBuildFile; fileRef = DBD375DB01D7DA35A14BEA8F /* SongGridItemView.swift */; };
		28E6A22D67AC8061D5D73FA2 /* PianoRollCanvas.swift in Sources */ = {isa = PBXBuildFile; fileRef = 2EC025290DC1018DE1D65290 /* PianoRollCanvas.swift */; };
		2B96F935482D6E3A305F0377 /* YouTubeURLValidator.swift in Sources */ = {isa = PBXBuildFile; fileRef = C4E440DFF19E6DE4A7B5737D /* YouTubeURLValidator.swift */; };
		2F57476F02D130B2201A5652 /* MockAPIClient.swift in Sources */ = {isa = PBXBuildFile; fileRef = 85675CEA38A7A20EEDE1A406 /* MockAPIClient.swift */; };
		2FACE7DA73E36E929677B1F2 /* YouTubeLocalServer.swift in Sources */ = {isa = PBXBuildFile; fileRef = 664058ACF3A6AA975FF73C5C /* YouTubeLocalServer.swift */; };
		3342B8B910F323E33A559C16 /* AddSongSheet.swift in Sources */ = {isa = PBXBuildFile; fileRef = 96771944D29E6114AD258E69 /* AddSongSheet.swift */; };
		33C33105982A965A806FC824 /* CurrentNoteView.swift in Sources */ = {isa = PBXBuildFile; fileRef = 1D10B56668E742CB8F91899B /* CurrentNoteView.swift */; };
		34E29EE0F322BE2D369E4694 /* LoopState.swift in Sources */ = {isa = PBXBuildFile; fileRef = 5BDF7BCFBF727E3EDB26BFAA /* LoopState.swift */; };
		3542BD3F32FE3A60186475BD /* LibraryViewModel.swift in Sources */ = {isa = PBXBuildFile; fileRef = 4B61153C08EBE37FC59EF91C /* LibraryViewModel.swift */; };
		36998054AFA4EA9C79F2114E /* PracticeViewModel+Audio.swift in Sources */ = {isa = PBXBuildFile; fileRef = CD6A1B7FA35A6F0523346FD6 /* PracticeViewModel+Audio.swift */; };
		373551A48CD63D07D4D1DCAC /* SongGridItemView.swift in Sources */ = {isa = PBXBuildFile; fileRef = DBD375DB01D7DA35A14BEA8F /* SongGridItemView.swift */; };
		37B64B9DEEA3007C64CB7CF6 /* ContentView.swift in Sources */ = {isa = PBXBuildFile; fileRef = 2BC3833EA35109660C0D2E79 /* ContentView.swift */; };
		38564A214A65811F4C808136 /* YouTubePlayerController.swift in Sources */ = {isa = PBXBuildFile; fileRef = DC6E659C858ED0E2451E1E55 /* YouTubePlayerController.swift */; };
		3CA45A0ACB429A25420E9530 /* APIClient.swift in Sources */ = {isa = PBXBuildFile; fileRef = 7FC75DFDD56751A36AAF8622 /* APIClient.swift */; };
		105A9FA98E72B3D732DE7FC4 /* DesignSystem.swift in Sources */ = {isa = PBXBuildFile; fileRef = 5113AEB3FF0010B5D2AC565F /* DesignSystem.swift */; };
		3E9AA0EF1F23E31CC42C04AF /* AppTheme.swift in Sources */ = {isa = PBXBuildFile; fileRef = 718983613653D4E96648CCDD /* AppTheme.swift */; };
		3F9AA1360310F10FAF72DF06 /* GuideTone.swift in Sources */ = {isa = PBXBuildFile; fileRef = 29A595D193E0EEC54F803314 /* GuideTone.swift */; };
		415DA1CDCB6E6172DAB388A5 /* APIError.swift in Sources */ = {isa = PBXBuildFile; fileRef = D73FDEF8391DAEF4CA02313F /* APIError.swift */; };
		42582A2B6FEFCCDAA9D9F05B /* AudioSessionManager.swift in Sources */ = {isa = PBXBuildFile; fileRef = BAAB3E44A39E110F86A76894 /* AudioSessionManager.swift */; };
		426D82EDBDBE647C29E284F1 /* YouTubePlayerView.swift in Sources */ = {isa = PBXBuildFile; fileRef = 532C92000393851D59FBFD5B /* YouTubePlayerView.swift */; };
		4363B7E007E6A56D648D0389 /* SpeedSelectorView.swift in Sources */ = {isa = PBXBuildFile; fileRef = F3FFD7BF8A122953153D950F /* SpeedSelectorView.swift */; };
		456A10BD439E273FF6B863D7 /* ExercisePitchGenerator.swift in Sources */ = {isa = PBXBuildFile; fileRef = A557DCB3FEB614983FAE453E /* ExercisePitchGenerator.swift */; };
		4643D88018256E31843E3B4B /* YouTubeLocalServer.swift in Sources */ = {isa = PBXBuildFile; fileRef = 664058ACF3A6AA975FF73C5C /* YouTubeLocalServer.swift */; };
		485E70F9F891782ED5FB331E /* PianoRollView.swift in Sources */ = {isa = PBXBuildFile; fileRef = 3E94D752689AB11BBB2A5BAB /* PianoRollView.swift */; };
		492FF5E88238E96DC3F0997C /* ReferencePitchStore.swift in Sources */ = {isa = PBXBuildFile; fileRef = 464CE004041C12734782ADCA /* ReferencePitchStore.swift */; };
		4A66628A042A125B2B7EABBA /* DriftLogger.swift in Sources */ = {isa = PBXBuildFile; fileRef = FD06120A65578A080033C797 /* DriftLogger.swift */; };
		4B316FB76B08702FC90F4F1C /* SongPracticeView.swift in Sources */ = {isa = PBXBuildFile; fileRef = 889DC8B2F5F95A0437D1D4EE /* SongPracticeView.swift */; };
		4DFCD1BCEE520A7DE731FD34 /* TransposeInterval.swift in Sources */ = {isa = PBXBuildFile; fileRef = A3D17C5BC76C82062097F4A6 /* TransposeInterval.swift */; };
		4E643C3C37BE67E95988F64C /* YouTubeBridge.swift in Sources */ = {isa = PBXBuildFile; fileRef = 68DA1164A44FECA38F6FA571 /* YouTubeBridge.swift */; };
		4E9EDB51DDD898BE6C04B921 /* ScoringEngine.swift in Sources */ = {isa = PBXBuildFile; fileRef = 374C4FE318BBF25BEF647785 /* ScoringEngine.swift */; };
		50E3CD7E0939EC7C1EF98B85 /* AuthViewModelTests.swift in Sources */ = {isa = PBXBuildFile; fileRef = F5EA943D8BD029104B70DA9A /* AuthViewModelTests.swift */; };
		5142A23155B019E9A9750D12 /* YINDetector.swift in Sources */ = {isa = PBXBuildFile; fileRef = 7B02866C705BCEAF0EA7B9BD /* YINDetector.swift */; };
		5577A895FF5BACC9156456F4 /* TimelineBarView.swift in Sources */ = {isa = PBXBuildFile; fileRef = E77029F045FDE2ADE1C481DB /* TimelineBarView.swift */; };
		56869397947917FA43AB0041 /* AuthModels.swift in Sources */ = {isa = PBXBuildFile; fileRef = 10238C6B87AA0F28A9174418 /* AuthModels.swift */; };
		5982070C272F91032C1C4C29 /* ExerciseBrowserView.swift in Sources */ = {isa = PBXBuildFile; fileRef = B2FB6568C2828D80413A5B24 /* ExerciseBrowserView.swift */; };
		598BE23B10D73A4A60C8B782 /* APIEndpoint.swift in Sources */ = {isa = PBXBuildFile; fileRef = 5CB6CC47542E2A29D674A5CD /* APIEndpoint.swift */; };
		5C81E39D92EEC02C6C8B98E1 /* PianoRollRenderer.swift in Sources */ = {isa = PBXBuildFile; fileRef = 99505EB7FE1F165FDAB396BB /* PianoRollRenderer.swift */; };
		5C8DBD08A6F80862E925405B /* GuideTone.swift in Sources */ = {isa = PBXBuildFile; fileRef = 29A595D193E0EEC54F803314 /* GuideTone.swift */; };
		5F4D69B8A99F8AC16AB3F104 /* StemPlayer.swift in Sources */ = {isa = PBXBuildFile; fileRef = 0A5EED91336F487C29EA35D8 /* StemPlayer.swift */; };
		60CA75E1FF52CE707F51231A /* LoopControlsView.swift in Sources */ = {isa = PBXBuildFile; fileRef = 97DAF027FB67310C5B30599B /* LoopControlsView.swift */; };
		60EFDC7CC6CD34236713FADE /* AddSongSheet.swift in Sources */ = {isa = PBXBuildFile; fileRef = 96771944D29E6114AD258E69 /* AddSongSheet.swift */; };
		6159E62ECD0DD419764F783B /* StemPlayerTests.swift in Sources */ = {isa = PBXBuildFile; fileRef = E62471F5F8CF1C44E1FDCCC5 /* StemPlayerTests.swift */; };
		63128C1794FC42FF8ED3FBEC /* VideoPlayerProtocol.swift in Sources */ = {isa = PBXBuildFile; fileRef = 168ECC98E299A652EAC0212D /* VideoPlayerProtocol.swift */; };
		64282B47A40C861E110B6E21 /* LibraryViewModel.swift in Sources */ = {isa = PBXBuildFile; fileRef = 4B61153C08EBE37FC59EF91C /* LibraryViewModel.swift */; };
		655FB633337E8DFC2E84B367 /* PlaybackControlsView.swift in Sources */ = {isa = PBXBuildFile; fileRef = 7CE79DBF676DB40ABC0BF92A /* PlaybackControlsView.swift */; };
		658DF0962F05C178D7D41351 /* PitchTypes.swift in Sources */ = {isa = PBXBuildFile; fileRef = BB94EF4F47B7B91768D26EE8 /* PitchTypes.swift */; };
		669BC7514D5960F432AC55A9 /* PracticeViewModel+Audio.swift in Sources */ = {isa = PBXBuildFile; fileRef = CD6A1B7FA35A6F0523346FD6 /* PracticeViewModel+Audio.swift */; };
		66F6A8F6BAEC57A3C469C858 /* AudioSessionManager.swift in Sources */ = {isa = PBXBuildFile; fileRef = BAAB3E44A39E110F86A76894 /* AudioSessionManager.swift */; };
		69AA378B866468055D2523A2 /* YouTubeHTML.swift in Sources */ = {isa = PBXBuildFile; fileRef = 4848A66AB0B34E1703B26528 /* YouTubeHTML.swift */; };
		6B1CB49CC903EF3841499827 /* AuthModels.swift in Sources */ = {isa = PBXBuildFile; fileRef = 10238C6B87AA0F28A9174418 /* AuthModels.swift */; };
		6B4060CE23A5365B0F8A4E6C /* DeveloperView.swift in Sources */ = {isa = PBXBuildFile; fileRef = 6061552DC5C06560EA1A577A /* DeveloperView.swift */; };
		6B614AE15A7BDE8060BDB179 /* ExercisePracticeViewModel.swift in Sources */ = {isa = PBXBuildFile; fileRef = C682B6234C631299654F8E6B /* ExercisePracticeViewModel.swift */; };
		6CDB705B1E2016275FE81865 /* PitchDetector.swift in Sources */ = {isa = PBXBuildFile; fileRef = 9599FF7799AB1A9E728BE069 /* PitchDetector.swift */; };
		6CFAB821436DBDC1CBB5FABB /* SessionModels.swift in Sources */ = {isa = PBXBuildFile; fileRef = 69623959F702B91020E1C3F1 /* SessionModels.swift */; };
		6DBFF9BD16C0884F39F1DB15 /* AuthViewModel.swift in Sources */ = {isa = PBXBuildFile; fileRef = 46A754DD725F4121E04EAD26 /* AuthViewModel.swift */; };
		70C2B86B9E6A5939AF320219 /* SpeedSelectorView.swift in Sources */ = {isa = PBXBuildFile; fileRef = F3FFD7BF8A122953153D950F /* SpeedSelectorView.swift */; };
		72361956E9FA504887381EF1 /* SessionsViewModel.swift in Sources */ = {isa = PBXBuildFile; fileRef = 64575DA20C9301EBF76203B2 /* SessionsViewModel.swift */; };
		738FFF89E2FD5816E21813F2 /* SignInView.swift in Sources */ = {isa = PBXBuildFile; fileRef = 0D4128412563F845B0391F6D /* SignInView.swift */; };
		743409B93E414D02BE90D7FE /* PracticeLayoutMode.swift in Sources */ = {isa = PBXBuildFile; fileRef = 41DF42E8DDEB37A70C265320 /* PracticeLayoutMode.swift */; };
		7623BB8F196C8E73DEB1EE22 /* IntonavioApp.swift in Sources */ = {isa = PBXBuildFile; fileRef = 662016CB6238CF710740ECFA /* IntonavioApp.swift */; };
		76F412935583B43160971CF3 /* APIError.swift in Sources */ = {isa = PBXBuildFile; fileRef = D73FDEF8391DAEF4CA02313F /* APIError.swift */; };
		779CDC9087F0E1045B4FD7EB /* ExercisePitchGenerator.swift in Sources */ = {isa = PBXBuildFile; fileRef = A557DCB3FEB614983FAE453E /* ExercisePitchGenerator.swift */; };
		787AF793AA7EF3D254B846B1 /* SettingsView.swift in Sources */ = {isa = PBXBuildFile; fileRef = 02CC2F56981B7AC5426C8AE4 /* SettingsView.swift */; };
		78C20407FF97B52CCA88894A /* SessionHistoryView.swift in Sources */ = {isa = PBXBuildFile; fileRef = 27BC0DE1929D212818E0628B /* SessionHistoryView.swift */; };
		7A16F33CD50E315D9EBBE00E /* SessionDetailView.swift in Sources */ = {isa = PBXBuildFile; fileRef = 82B18781098C07E3621C2E59 /* SessionDetailView.swift */; };
		7AA5321CCCEB783A4772145B /* YouTubeURLValidator.swift in Sources */ = {isa = PBXBuildFile; fileRef = C4E440DFF19E6DE4A7B5737D /* YouTubeURLValidator.swift */; };
		7B71A0F36CC753563A0EF65A /* NoteMapper.swift in Sources */ = {isa = PBXBuildFile; fileRef = 79E86CFBEC3BBF7C1F117A5A /* NoteMapper.swift */; };
		7C0222DE15A046DC45F19E0C /* AppState.swift in Sources */ = {isa = PBXBuildFile; fileRef = 8436184CAD35E298A54C8C48 /* AppState.swift */; };
		7CAA8EF13DC95BD152B37330 /* YouTubePlayerView.swift in Sources */ = {isa = PBXBuildFile; fileRef = 532C92000393851D59FBFD5B /* YouTubePlayerView.swift */; };
		7DDD1F1CA1B2C3D4E5F60702 /* DifficultyLevel.swift in Sources */ = {isa = PBXBuildFile; fileRef = EE1F1CA1B2C3D4E5F6070102 /* DifficultyLevel.swift */; };
		7E52812781C420D7A529D19C /* PitchAccuracy.swift in Sources */ = {isa = PBXBuildFile; fileRef = D6E3866A26CEA25A5361E33C /* PitchAccuracy.swift */; };
		7F373B10CDAC1EEF699706BE /* ProfileView.swift in Sources */ = {isa = PBXBuildFile; fileRef = DDAAE236C7E1D23140BC63C2 /* ProfileView.swift */; };
		7F3FBC5167FB0E6D513DEB61 /* PracticeLayoutMode.swift in Sources */ = {isa = PBXBuildFile; fileRef = 41DF42E8DDEB37A70C265320 /* PracticeLayoutMode.swift */; };
		80D77208626438B1BECE2129 /* AuthViewModel.swift in Sources */ = {isa = PBXBuildFile; fileRef = 46A754DD725F4121E04EAD26 /* AuthViewModel.swift */; };
		81CD80582FB3FE3B15B045C9 /* HomeView.swift in Sources */ = {isa = PBXBuildFile; fileRef = CF72D25F9B2CE003A8CC1589 /* HomeView.swift */; };
		82089B4B292F846FBC1CDEC0 /* AppleSignInButton.swift in Sources */ = {isa = PBXBuildFile; fileRef = 5DC7F40C0A6E9091A11F6589 /* AppleSignInButton.swift */; };
		834E34242F41AC0C006D60D3 /* GeneralUser-GS.sf2 in Resources */ = {isa = PBXBuildFile; fileRef = 834E34232F41AC0C006D60D3 /* GeneralUser-GS.sf2 */; };
		834E34252F41AC0C006D60D3 /* GeneralUser-GS.sf2 in Resources */ = {isa = PBXBuildFile; fileRef = 834E34232F41AC0C006D60D3 /* GeneralUser-GS.sf2 */; };
		85691C820ED72DAFF00498E4 /* PianoRollCanvas.swift in Sources */ = {isa = PBXBuildFile; fileRef = 2EC025290DC1018DE1D65290 /* PianoRollCanvas.swift */; };
		85BB0B8FB629AE6B4D9950BB /* NoteMapper.swift in Sources */ = {isa = PBXBuildFile; fileRef = 79E86CFBEC3BBF7C1F117A5A /* NoteMapper.swift */; };
		888ACDD93C73BE2127295250 /* SignUpView.swift in Sources */ = {isa = PBXBuildFile; fileRef = AB646F181AB9563A408E57B2 /* SignUpView.swift */; };
		8B83CF784EC1048E94334FA2 /* SongStatusBadge.swift in Sources */ = {isa = PBXBuildFile; fileRef = 6D838B316EBD35DBA8F5C732 /* SongStatusBadge.swift */; };
		8CF15DC976DE86384D63BA3E /* VideoPlayerProtocol.swift in Sources */ = {isa = PBXBuildFile; fileRef = 168ECC98E299A652EAC0212D /* VideoPlayerProtocol.swift */; };
		8D09205FA0E70F989F2F07F6 /* MockAPIClient.swift in Sources */ = {isa = PBXBuildFile; fileRef = 85675CEA38A7A20EEDE1A406 /* MockAPIClient.swift */; };
		8DA32B8827A6A304AFD1335B /* SessionRowView.swift in Sources */ = {isa = PBXBuildFile; fileRef = 380D8C325CD89BF114F6027F /* SessionRowView.swift */; };
		8F144A6E0FDEBCA15F16FC4D /* ControlsBarView.swift in Sources */ = {isa = PBXBuildFile; fileRef = 361E25A7825079651368DB58 /* ControlsBarView.swift */; };
		916BDEA5214726B7895A58C4 /* ScoringEngine.swift in Sources */ = {isa = PBXBuildFile; fileRef = 374C4FE318BBF25BEF647785 /* ScoringEngine.swift */; };
		93745239B967DFDE952F507F /* ScoringEngineTests.swift in Sources */ = {isa = PBXBuildFile; fileRef = 348CCC13773D3BB43E48E652 /* ScoringEngineTests.swift */; };
		942A2480FEE98DA7E43194F3 /* HomeView.swift in Sources */ = {isa = PBXBuildFile; fileRef = CF72D25F9B2CE003A8CC1589 /* HomeView.swift */; };
		948A90A78B8988F73C2C6D4E /* MetronomeTick.swift in Sources */ = {isa = PBXBuildFile; fileRef = 97CBE0920EF935138DF6FC7C /* MetronomeTick.swift */; };
		978809C38F25B5FA9831C387 /* PitchDebugOverlay.swift in Sources */ = {isa = PBXBuildFile; fileRef = 3137C8265D70443B89752CB7 /* PitchDebugOverlay.swift */; };
		97A8D271FC6361F5A9E5A3BA /* WebViewPrewarmer.swift in Sources */ = {isa = PBXBuildFile; fileRef = 2F8933E58ABA95709B18A5B0 /* WebViewPrewarmer.swift */; };
		988E8E6CBDE2351E710F50B2 /* PianoRollView.swift in Sources */ = {isa = PBXBuildFile; fileRef = 3E94D752689AB11BBB2A5BAB /* PianoRollView.swift */; };
		99E6D914C08E5E3A39486095 /* ExerciseSectionView.swift in Sources */ = {isa = PBXBuildFile; fileRef = 309F663BE9A701E43FDC32BD /* ExerciseSectionView.swift */; };
		9C2331457481C802FBEE204B /* SessionHistoryView.swift in Sources */ = {isa = PBXBuildFile; fileRef = 27BC0DE1929D212818E0628B /* SessionHistoryView.swift */; };
		9CD84EA62F6825F4FD983364 /* YINDetectorTests.swift in Sources */ = {isa = PBXBuildFile; fileRef = 7F1667169734EC5B97FE9F2F /* YINDetectorTests.swift */; };
		9D96117269544E657685E157 /* ExercisePracticeView.swift in Sources */ = {isa = PBXBuildFile; fileRef = 15D584CD202B8D0825C5C689 /* ExercisePracticeView.swift */; };
		9DB7732D7C116D874E7AD31E /* AppState.swift in Sources */ = {isa = PBXBuildFile; fileRef = 8436184CAD35E298A54C8C48 /* AppState.swift */; };
		9E174ABA96E3313F04E5C983 /* YouTubeBridge.swift in Sources */ = {isa = PBXBuildFile; fileRef = 68DA1164A44FECA38F6FA571 /* YouTubeBridge.swift */; };
		9E4CFF5669A74DF76929FA1E /* PlatformModifiers.swift in Sources */ = {isa = PBXBuildFile; fileRef = 2E9321A422E306664C50F59E /* PlatformModifiers.swift */; };
		A0285A25441B4ADEF368F760 /* ReferencePitchStoreTests.swift in Sources */ = {isa = PBXBuildFile; fileRef = 27E84C03F2466B81AD07EAF5 /* ReferencePitchStoreTests.swift */; };
		A4E777F39F21C61050CE001B /* PracticeViewModel.swift in Sources */ = {isa = PBXBuildFile; fileRef = DD158E2B7A33E186A33FF9E4 /* PracticeViewModel.swift */; };
		A578CBDDD457220FE9189F11 /* DetectedPitchPoint.swift in Sources */ = {isa = PBXBuildFile; fileRef = 1963E3CB41E9D646E77D19FC /* DetectedPitchPoint.swift */; };
		8A1539CF9B71B55CCF2D8956 /* DesignSystem.swift in Sources */ = {isa = PBXBuildFile; fileRef = 5113AEB3FF0010B5D2AC565F /* DesignSystem.swift */; };
		A794F85EF6A0CD911082F750 /* AppTheme.swift in Sources */ = {isa = PBXBuildFile; fileRef = 718983613653D4E96648CCDD /* AppTheme.swift */; };
		A8BDD0AD049454EAC70E689A /* NoteMapperTests.swift in Sources */ = {isa = PBXBuildFile; fileRef = 3CB33B9710330046E639D370 /* NoteMapperTests.swift */; };
		A92C274CE5B51B742400F0D2 /* SongModels.swift in Sources */ = {isa = PBXBuildFile; fileRef = 4899195EC6381428FCC674C3 /* SongModels.swift */; };
		A94AB807D76DDD85E63DEE29 /* SignInView.swift in Sources */ = {isa = PBXBuildFile; fileRef = 0D4128412563F845B0391F6D /* SignInView.swift */; };
		AA0001010101010101010101 /* PhraseScoreResult.swift in Sources */ = {isa = PBXBuildFile; fileRef = BB0001010101010101010101 /* PhraseScoreResult.swift */; };
		AA0001010101010101010102 /* PhraseScoreResult.swift in Sources */ = {isa = PBXBuildFile; fileRef = BB0001010101010101010101 /* PhraseScoreResult.swift */; };
		AA0002010101010101010101 /* ScoreRecord.swift in Sources */ = {isa = PBXBuildFile; fileRef = BB0002010101010101010101 /* ScoreRecord.swift */; };
		AA0002010101010101010102 /* ScoreRecord.swift in Sources */ = {isa = PBXBuildFile; fileRef = BB0002010101010101010101 /* ScoreRecord.swift */; };
		AA0003010101010101010101 /* ScoreRepository.swift in Sources */ = {isa = PBXBuildFile; fileRef = BB0003010101010101010101 /* ScoreRepository.swift */; };
		AA0003010101010101010102 /* ScoreRepository.swift in Sources */ = {isa = PBXBuildFile; fileRef = BB0003010101010101010101 /* ScoreRepository.swift */; };
		AA0004010101010101010101 /* PracticeViewModel+Phrases.swift in Sources */ = {isa = PBXBuildFile; fileRef = BB0004010101010101010101 /* PracticeViewModel+Phrases.swift */; };
		AA0004010101010101010102 /* PracticeViewModel+Phrases.swift in Sources */ = {isa = PBXBuildFile; fileRef = BB0004010101010101010101 /* PracticeViewModel+Phrases.swift */; };
		AA0005010101010101010101 /* PhraseScoreToastView.swift in Sources */ = {isa = PBXBuildFile; fileRef = BB0005010101010101010101 /* PhraseScoreToastView.swift */; };
		AA0005010101010101010102 /* PhraseScoreToastView.swift in Sources */ = {isa = PBXBuildFile; fileRef = BB0005010101010101010101 /* PhraseScoreToastView.swift */; };
		AA0006010101010101010101 /* ProgressLogView.swift in Sources */ = {isa = PBXBuildFile; fileRef = BB0006010101010101010101 /* ProgressLogView.swift */; };
		AA0006010101010101010102 /* ProgressLogView.swift in Sources */ = {isa = PBXBuildFile; fileRef = BB0006010101010101010101 /* ProgressLogView.swift */; };
		AA0007010101010101010101 /* PhraseScoreRowView.swift in Sources */ = {isa = PBXBuildFile; fileRef = BB0007010101010101010101 /* PhraseScoreRowView.swift */; };
		AA0007010101010101010102 /* PhraseScoreRowView.swift in Sources */ = {isa = PBXBuildFile; fileRef = BB0007010101010101010101 /* PhraseScoreRowView.swift */; };
		AD1C3F64E11125DC8163C516 /* PianoRollRenderer.swift in Sources */ = {isa = PBXBuildFile; fileRef = 99505EB7FE1F165FDAB396BB /* PianoRollRenderer.swift */; };
		AE336CEF2503FD692486955A /* PitchRecorder.swift in Sources */ = {isa = PBXBuildFile; fileRef = 8C1F5BD11E8509D153E01895 /* PitchRecorder.swift */; };
		AE74817352C0A65167FD3608 /* ExerciseSectionView.swift in Sources */ = {isa = PBXBuildFile; fileRef = 309F663BE9A701E43FDC32BD /* ExerciseSectionView.swift */; };
		AF1827FC6A7B43E83B46D709 /* GuideToneInstrument.swift in Sources */ = {isa = PBXBuildFile; fileRef = C24751DB54EF1B6DA0BEED97 /* GuideToneInstrument.swift */; };
		B0C04BF234A3DE7E3BF69C69 /* PitchDataDownloader.swift in Sources */ = {isa = PBXBuildFile; fileRef = 4E53968AB4EA7CEFDE95BE5F /* PitchDataDownloader.swift */; };
		B399BBAFDD9AE402663522BA /* IntonavioTests.swift in Sources */ = {isa = PBXBuildFile; fileRef = 17B763937F90150633F0562A /* IntonavioTests.swift */; };
		B42263E63AAAC35CDC135864 /* LibraryViewModelTests.swift in Sources */ = {isa = PBXBuildFile; fileRef = F914111CFFB02B01007B15DA /* LibraryViewModelTests.swift */; };
		B48957EFC5802CE187D9901C /* ReferencePitchFrame.swift in Sources */ = {isa = PBXBuildFile; fileRef = 82B75BB4DBC464BA99E6D810 /* ReferencePitchFrame.swift */; };
		B71DCC9D91AF341C853CFC1E /* LoopControlsView.swift in Sources */ = {isa = PBXBuildFile; fileRef = 97DAF027FB67310C5B30599B /* LoopControlsView.swift */; };
		B74CE9669226A57359D41A6B /* ReferencePitchFrame.swift in Sources */ = {isa = PBXBuildFile; fileRef = 82B75BB4DBC464BA99E6D810 /* ReferencePitchFrame.swift */; };
		B89A05DDB6E345A18B79DD45 /* PitchDebugOverlay.swift in Sources */ = {isa = PBXBuildFile; fileRef = 3137C8265D70443B89752CB7 /* PitchDebugOverlay.swift */; };
		B8B19C23947D0D22C8EBE9A5 /* PitchTypes.swift in Sources */ = {isa = PBXBuildFile; fileRef = BB94EF4F47B7B91768D26EE8 /* PitchTypes.swift */; };
		B9A39DF9066A894F9E789376 /* TransposeInterval.swift in Sources */ = {isa = PBXBuildFile; fileRef = A3D17C5BC76C82062097F4A6 /* TransposeInterval.swift */; };
		BBAC6A2DA9F98CBDF4B1700E /* CodableModelTests.swift in Sources */ = {isa = PBXBuildFile; fileRef = A60B2C125F8F2F63801D9E99 /* CodableModelTests.swift */; };
		BCC5E694ABE36F8492440B4C /* TokenManager.swift in Sources */ = {isa = PBXBuildFile; fileRef = F7A10D37B355161804C8D491 /* TokenManager.swift */; };
		BFBABD729B100AB445B2FFA0 /* ExercisePitchGeneratorTests.swift in Sources */ = {isa = PBXBuildFile; fileRef = 79B2EAA4B1D7620FB45E10FD /* ExercisePitchGeneratorTests.swift */; };
		C0FA1595836E0A1762265B72 /* GuideToneInstrument.swift in Sources */ = {isa = PBXBuildFile; fileRef = C24751DB54EF1B6DA0BEED97 /* GuideToneInstrument.swift */; };
		C1DBD05E1071319F05F7569B /* APIClientProtocol.swift in Sources */ = {isa = PBXBuildFile; fileRef = 6ADC13DAC58FDBAE06B6FDAA /* APIClientProtocol.swift */; };
		C2DC9532C655575BB8E0D6B5 /* SettingsViewModel.swift in Sources */ = {isa = PBXBuildFile; fileRef = F4817672FB867698FCBED39E /* SettingsViewModel.swift */; };
		C31F1AC2ED998A36DE006CDC /* SessionsViewModelTests.swift in Sources */ = {isa = PBXBuildFile; fileRef = 4F0CC23B92DE7D8EE5E7E945 /* SessionsViewModelTests.swift */; };
		C688FF253E725974B88FAE04 /* DeveloperView.swift in Sources */ = {isa = PBXBuildFile; fileRef = 6061552DC5C06560EA1A577A /* DeveloperView.swift */; };
		C6A862208DB98DAB56DD5C32 /* IntonavioApp.swift in Sources */ = {isa = PBXBuildFile; fileRef = 662016CB6238CF710740ECFA /* IntonavioApp.swift */; };
		C6F7FF81C15C1F88983A604F /* ExerciseBrowserView.swift in Sources */ = {isa = PBXBuildFile; fileRef = B2FB6568C2828D80413A5B24 /* ExerciseBrowserView.swift */; };
		CA4ACE791D70CCCE53B105D5 /* ReferencePitchStore.swift in Sources */ = {isa = PBXBuildFile; fileRef = 464CE004041C12734782ADCA /* ReferencePitchStore.swift */; };
		CAFBC09B526DC5D92E3B0D14 /* SettingsView.swift in Sources */ = {isa = PBXBuildFile; fileRef = 02CC2F56981B7AC5426C8AE4 /* SettingsView.swift */; };
		CCAA3E555F2050BEBEAAE580 /* PianoRollGestureOverlay.swift in Sources */ = {isa = PBXBuildFile; fileRef = 852BB623D1F4225635450C03 /* PianoRollGestureOverlay.swift */; };
		CDA03D991E8F7C8FCCEAB28C /* PlatformColors.swift in Sources */ = {isa = PBXBuildFile; fileRef = DB8A307C4CE851A699727E97 /* PlatformColors.swift */; };
		CF13936FD27257B88410B724 /* SongPracticeView.swift in Sources */ = {isa = PBXBuildFile; fileRef = 889DC8B2F5F95A0437D1D4EE /* SongPracticeView.swift */; };
		D0AF1F48B7D77F2B30F0471F /* APIClientTests.swift in Sources */ = {isa = PBXBuildFile; fileRef = F9068AADA812D73DCE0E6639 /* APIClientTests.swift */; };
		D1EF7950B8D4D281EFB85C92 /* PracticeViewModel+Loop.swift in Sources */ = {isa = PBXBuildFile; fileRef = E41BB99E57BD9C98FBD4D213 /* PracticeViewModel+Loop.swift */; };
		D277DE5F19DDEB299F61C89D /* SessionRowView.swift in Sources */ = {isa = PBXBuildFile; fileRef = 380D8C325CD89BF114F6027F /* SessionRowView.swift */; };
		D6000111A22EA30E3317FFB5 /* LoopScoreToastView.swift in Sources */ = {isa = PBXBuildFile; fileRef = 226EBB068E7A096222281A51 /* LoopScoreToastView.swift */; };
		D77376D98A441E6212FEA017 /* PitchRecorder.swift in Sources */ = {isa = PBXBuildFile; fileRef = 8C1F5BD11E8509D153E01895 /* PitchRecorder.swift */; };
		D786A14103259833BE0B46ED /* VisualizationMode.swift in Sources */ = {isa = PBXBuildFile; fileRef = CD3F9FD70811F95A1EA21535 /* VisualizationMode.swift */; };
		D798DF3A659712AAD6E2CC06 /* VideoAudioSyncTests.swift in Sources */ = {isa = PBXBuildFile; fileRef = 86FB71F0FC06628769770C5B /* VideoAudioSyncTests.swift */; };
		DB6F5DF5D2170233A3D3CEB1 /* VisualizationMode.swift in Sources */ = {isa = PBXBuildFile; fileRef = CD3F9FD70811F95A1EA21535 /* VisualizationMode.swift */; };
		DD656D6D879D3BE1A6426624 /* ContentView.swift in Sources */ = {isa = PBXBuildFile; fileRef = 2BC3833EA35109660C0D2E79 /* ContentView.swift */; };
		DD68BCE312D8490605BCA469 /* GuideToneSettingsView.swift in Sources */ = {isa = PBXBuildFile; fileRef = E3A0C88CED22FB2FCE2F30E7 /* GuideToneSettingsView.swift */; };
		DEF9510820B2DCC1182AEEE4 /* APIClientProtocol.swift in Sources */ = {isa = PBXBuildFile; fileRef = 6ADC13DAC58FDBAE06B6FDAA /* APIClientProtocol.swift */; };
		E1E489C14B84FDA445B5843D /* PaginatedResponse.swift in Sources */ = {isa = PBXBuildFile; fileRef = 3F0E53F84A0A7375CEF3F225 /* PaginatedResponse.swift */; };
		E30C87CD29FA0140D7868279 /* PitchDataDownloader.swift in Sources */ = {isa = PBXBuildFile; fileRef = 4E53968AB4EA7CEFDE95BE5F /* PitchDataDownloader.swift */; };
		E3AEC757351CCABB725EEF14 /* YouTubeHTML.swift in Sources */ = {isa = PBXBuildFile; fileRef = 4848A66AB0B34E1703B26528 /* YouTubeHTML.swift */; };
		E4BE7F22B9A888E79732CDB0 /* DetectedPitchPoint.swift in Sources */ = {isa = PBXBuildFile; fileRef = 1963E3CB41E9D646E77D19FC /* DetectedPitchPoint.swift */; };
		E51C85CE2DD761831E85B36B /* VideoAudioSync.swift in Sources */ = {isa = PBXBuildFile; fileRef = BFE40C36A3030574FC153F9C /* VideoAudioSync.swift */; };
		E68FF03D60E9749337C3ADEC /* SignUpView.swift in Sources */ = {isa = PBXBuildFile; fileRef = AB646F181AB9563A408E57B2 /* SignUpView.swift */; };
		E75B542BDA3EBD3D5C029AA2 /* TimelineBarView.swift in Sources */ = {isa = PBXBuildFile; fileRef = E77029F045FDE2ADE1C481DB /* TimelineBarView.swift */; };
		E8BAA488E815F225B56CA3F3 /* SessionDetailView.swift in Sources */ = {isa = PBXBuildFile; fileRef = 82B18781098C07E3621C2E59 /* SessionDetailView.swift */; };
		E8C089997AC5891F330B0534 /* APIClient.swift in Sources */ = {isa = PBXBuildFile; fileRef = 7FC75DFDD56751A36AAF8622 /* APIClient.swift */; };
		E909DC01BC018C170D9E5F02 /* AudioMode.swift in Sources */ = {isa = PBXBuildFile; fileRef = 81BED35799707A0550050A4B /* AudioMode.swift */; };
		EA81770A6AB59977394E6A32 /* DriftLogger.swift in Sources */ = {isa = PBXBuildFile; fileRef = FD06120A65578A080033C797 /* DriftLogger.swift */; };
		EB917702B7F5DBB0B3A9DEF3 /* PracticeViewModel+Pitch.swift in Sources */ = {isa = PBXBuildFile; fileRef = C95189340F2BA2B17D3EA90D /* PracticeViewModel+Pitch.swift */; };
		ECE455F92DB7AB48816321AF /* YINDetector.swift in Sources */ = {isa = PBXBuildFile; fileRef = 7B02866C705BCEAF0EA7B9BD /* YINDetector.swift */; };
		ED58B01B77BCE1B530B6EC96 /* Logger.swift in Sources */ = {isa = PBXBuildFile; fileRef = 9637DFE1383806910AB44110 /* Logger.swift */; };
		EDC0846700588CDBCB88B7A2 /* TokenManager.swift in Sources */ = {isa = PBXBuildFile; fileRef = F7A10D37B355161804C8D491 /* TokenManager.swift */; };
		EE33AEC06D6112591F50575E /* StemDownloader.swift in Sources */ = {isa = PBXBuildFile; fileRef = C38386796F7F9FCA92E8F887 /* StemDownloader.swift */; };
		EE5111C7CE796359C4F3E9BE /* SettingsViewModel.swift in Sources */ = {isa = PBXBuildFile; fileRef = F4817672FB867698FCBED39E /* SettingsViewModel.swift */; };
		F3D30919AEA9C1CF1F893265 /* PaginatedResponse.swift in Sources */ = {isa = PBXBuildFile; fileRef = 3F0E53F84A0A7375CEF3F225 /* PaginatedResponse.swift */; };
		F45DB58D34A75832C45D98B8 /* PracticeViewModel+Loop.swift in Sources */ = {isa = PBXBuildFile; fileRef = E41BB99E57BD9C98FBD4D213 /* PracticeViewModel+Loop.swift */; };
		F50F2D55398A64A09DFFAAB1 /* GuideToneSettingsView.swift in Sources */ = {isa = PBXBuildFile; fileRef = E3A0C88CED22FB2FCE2F30E7 /* GuideToneSettingsView.swift */; };
		F6495CAB4F1ABDABB96405C2 /* MetronomeTick.swift in Sources */ = {isa = PBXBuildFile; fileRef = 97CBE0920EF935138DF6FC7C /* MetronomeTick.swift */; };
		F7A439FB9A6DCBDE09930187 /* PlatformModifiers.swift in Sources */ = {isa = PBXBuildFile; fileRef = 2E9321A422E306664C50F59E /* PlatformModifiers.swift */; };
		F7E969F8146B91E7F790F08D /* AppleSignInButton.swift in Sources */ = {isa = PBXBuildFile; fileRef = 5DC7F40C0A6E9091A11F6589 /* AppleSignInButton.swift */; };
		F8CC0DE9195709C8C39F7E7D /* YouTubePlayerController.swift in Sources */ = {isa = PBXBuildFile; fileRef = DC6E659C858ED0E2451E1E55 /* YouTubePlayerController.swift */; };
		F8DED1902F578D15CC6A3DA2 /* ControlsBarView.swift in Sources */ = {isa = PBXBuildFile; fileRef = 361E25A7825079651368DB58 /* ControlsBarView.swift */; };
		F8EB06BCD453E596C265FD6D /* StemPlayer.swift in Sources */ = {isa = PBXBuildFile; fileRef = 0A5EED91336F487C29EA35D8 /* StemPlayer.swift */; };
		F9BD18D67954FADBA5588763 /* SongModels.swift in Sources */ = {isa = PBXBuildFile; fileRef = 4899195EC6381428FCC674C3 /* SongModels.swift */; };
		FC1AEA8498EE1E659FDDF95A /* AudioMode.swift in Sources */ = {isa = PBXBuildFile; fileRef = 81BED35799707A0550050A4B /* AudioMode.swift */; };
		FC5F67503E628B7735CE11E7 /* PracticeViewModel+Pitch.swift in Sources */ = {isa = PBXBuildFile; fileRef = C95189340F2BA2B17D3EA90D /* PracticeViewModel+Pitch.swift */; };
		FE18011CC57489C327BE43DB /* ExerciseDefinitions.swift in Sources */ = {isa = PBXBuildFile; fileRef = 922518DBC2492529E9DED83A /* ExerciseDefinitions.swift */; };
/* End PBXBuildFile section */

/* Begin PBXContainerItemProxy section */
		3C0C19C3BF38342ABD187F5A /* PBXContainerItemProxy */ = {
			isa = PBXContainerItemProxy;
			containerPortal = C955FBC019839311232EB0A1 /* Project object */;
			proxyType = 1;
			remoteGlobalIDString = 4507CC176DFD40FE91381C64;
			remoteInfo = Intonavio;
		};
/* End PBXContainerItemProxy section */

/* Begin PBXFileReference section */
		02CC2F56981B7AC5426C8AE4 /* SettingsView.swift */ = {isa = PBXFileReference; lastKnownFileType = sourcecode.swift; path = SettingsView.swift; sourceTree = "<group>"; };
		0A5EED91336F487C29EA35D8 /* StemPlayer.swift */ = {isa = PBXFileReference; lastKnownFileType = sourcecode.swift; path = StemPlayer.swift; sourceTree = "<group>"; };
		0C5C6F1A822EE04120BCF0CC /* IntonavioMac.entitlements */ = {isa = PBXFileReference; lastKnownFileType = text.plist.entitlements; path = IntonavioMac.entitlements; sourceTree = "<group>"; };
		0CDD8E3C13172EA93857E093 /* Intonavio.entitlements */ = {isa = PBXFileReference; lastKnownFileType = text.plist.entitlements; path = Intonavio.entitlements; sourceTree = "<group>"; };
		0D4128412563F845B0391F6D /* SignInView.swift */ = {isa = PBXFileReference; lastKnownFileType = sourcecode.swift; path = SignInView.swift; sourceTree = "<group>"; };
		10238C6B87AA0F28A9174418 /* AuthModels.swift */ = {isa = PBXFileReference; lastKnownFileType = sourcecode.swift; path = AuthModels.swift; sourceTree = "<group>"; };
		15D584CD202B8D0825C5C689 /* ExercisePracticeView.swift */ = {isa = PBXFileReference; lastKnownFileType = sourcecode.swift; path = ExercisePracticeView.swift; sourceTree = "<group>"; };
		168ECC98E299A652EAC0212D /* VideoPlayerProtocol.swift */ = {isa = PBXFileReference; lastKnownFileType = sourcecode.swift; path = VideoPlayerProtocol.swift; sourceTree = "<group>"; };
		17B763937F90150633F0562A /* IntonavioTests.swift */ = {isa = PBXFileReference; lastKnownFileType = sourcecode.swift; path = IntonavioTests.swift; sourceTree = "<group>"; };
		1963E3CB41E9D646E77D19FC /* DetectedPitchPoint.swift */ = {isa = PBXFileReference; lastKnownFileType = sourcecode.swift; path = DetectedPitchPoint.swift; sourceTree = "<group>"; };
		1D10B56668E742CB8F91899B /* CurrentNoteView.swift */ = {isa = PBXFileReference; lastKnownFileType = sourcecode.swift; path = CurrentNoteView.swift; sourceTree = "<group>"; };
		226EBB068E7A096222281A51 /* LoopScoreToastView.swift */ = {isa = PBXFileReference; lastKnownFileType = sourcecode.swift; path = LoopScoreToastView.swift; sourceTree = "<group>"; };
		27BC0DE1929D212818E0628B /* SessionHistoryView.swift */ = {isa = PBXFileReference; lastKnownFileType = sourcecode.swift; path = SessionHistoryView.swift; sourceTree = "<group>"; };
		27E84C03F2466B81AD07EAF5 /* ReferencePitchStoreTests.swift */ = {isa = PBXFileReference; lastKnownFileType = sourcecode.swift; path = ReferencePitchStoreTests.swift; sourceTree = "<group>"; };
		29A595D193E0EEC54F803314 /* GuideTone.swift */ = {isa = PBXFileReference; lastKnownFileType = sourcecode.swift; path = GuideTone.swift; sourceTree = "<group>"; };
		2BC3833EA35109660C0D2E79 /* ContentView.swift */ = {isa = PBXFileReference; lastKnownFileType = sourcecode.swift; path = ContentView.swift; sourceTree = "<group>"; };
		2E9321A422E306664C50F59E /* PlatformModifiers.swift */ = {isa = PBXFileReference; lastKnownFileType = sourcecode.swift; path = PlatformModifiers.swift; sourceTree = "<group>"; };
		2EC025290DC1018DE1D65290 /* PianoRollCanvas.swift */ = {isa = PBXFileReference; lastKnownFileType = sourcecode.swift; path = PianoRollCanvas.swift; sourceTree = "<group>"; };
		2F8933E58ABA95709B18A5B0 /* WebViewPrewarmer.swift */ = {isa = PBXFileReference; lastKnownFileType = sourcecode.swift; path = WebViewPrewarmer.swift; sourceTree = "<group>"; };
		2F993E47BCE88D2B242C83AE /* PianoRollMomentumEngine.swift */ = {isa = PBXFileReference; includeInIndex = 1; lastKnownFileType = sourcecode.swift; path = PianoRollMomentumEngine.swift; sourceTree = "<group>"; };
		309F663BE9A701E43FDC32BD /* ExerciseSectionView.swift */ = {isa = PBXFileReference; lastKnownFileType = sourcecode.swift; path = ExerciseSectionView.swift; sourceTree = "<group>"; };
		3137C8265D70443B89752CB7 /* PitchDebugOverlay.swift */ = {isa = PBXFileReference; lastKnownFileType = sourcecode.swift; path = PitchDebugOverlay.swift; sourceTree = "<group>"; };
		348CCC13773D3BB43E48E652 /* ScoringEngineTests.swift */ = {isa = PBXFileReference; lastKnownFileType = sourcecode.swift; path = ScoringEngineTests.swift; sourceTree = "<group>"; };
		361E25A7825079651368DB58 /* ControlsBarView.swift */ = {isa = PBXFileReference; lastKnownFileType = sourcecode.swift; path = ControlsBarView.swift; sourceTree = "<group>"; };
		374C4FE318BBF25BEF647785 /* ScoringEngine.swift */ = {isa = PBXFileReference; lastKnownFileType = sourcecode.swift; path = ScoringEngine.swift; sourceTree = "<group>"; };
		380D8C325CD89BF114F6027F /* SessionRowView.swift */ = {isa = PBXFileReference; lastKnownFileType = sourcecode.swift; path = SessionRowView.swift; sourceTree = "<group>"; };
		3CB33B9710330046E639D370 /* NoteMapperTests.swift */ = {isa = PBXFileReference; lastKnownFileType = sourcecode.swift; path = NoteMapperTests.swift; sourceTree = "<group>"; };
		3E94D752689AB11BBB2A5BAB /* PianoRollView.swift */ = {isa = PBXFileReference; lastKnownFileType = sourcecode.swift; path = PianoRollView.swift; sourceTree = "<group>"; };
		3F0E53F84A0A7375CEF3F225 /* PaginatedResponse.swift */ = {isa = PBXFileReference; lastKnownFileType = sourcecode.swift; path = PaginatedResponse.swift; sourceTree = "<group>"; };
		41DF42E8DDEB37A70C265320 /* PracticeLayoutMode.swift */ = {isa = PBXFileReference; lastKnownFileType = sourcecode.swift; path = PracticeLayoutMode.swift; sourceTree = "<group>"; };
		464CE004041C12734782ADCA /* ReferencePitchStore.swift */ = {isa = PBXFileReference; lastKnownFileType = sourcecode.swift; path = ReferencePitchStore.swift; sourceTree = "<group>"; };
		46A754DD725F4121E04EAD26 /* AuthViewModel.swift */ = {isa = PBXFileReference; lastKnownFileType = sourcecode.swift; path = AuthViewModel.swift; sourceTree = "<group>"; };
		4848A66AB0B34E1703B26528 /* YouTubeHTML.swift */ = {isa = PBXFileReference; lastKnownFileType = sourcecode.swift; path = YouTubeHTML.swift; sourceTree = "<group>"; };
		4899195EC6381428FCC674C3 /* SongModels.swift */ = {isa = PBXFileReference; lastKnownFileType = sourcecode.swift; path = SongModels.swift; sourceTree = "<group>"; };
		4B61153C08EBE37FC59EF91C /* LibraryViewModel.swift */ = {isa = PBXFileReference; lastKnownFileType = sourcecode.swift; path = LibraryViewModel.swift; sourceTree = "<group>"; };
		4E53968AB4EA7CEFDE95BE5F /* PitchDataDownloader.swift */ = {isa = PBXFileReference; lastKnownFileType = sourcecode.swift; path = PitchDataDownloader.swift; sourceTree = "<group>"; };
		4F0CC23B92DE7D8EE5E7E945 /* SessionsViewModelTests.swift */ = {isa = PBXFileReference; lastKnownFileType = sourcecode.swift; path = SessionsViewModelTests.swift; sourceTree = "<group>"; };
		532C92000393851D59FBFD5B /* YouTubePlayerView.swift */ = {isa = PBXFileReference; lastKnownFileType = sourcecode.swift; path = YouTubePlayerView.swift; sourceTree = "<group>"; };
		5BDF7BCFBF727E3EDB26BFAA /* LoopState.swift */ = {isa = PBXFileReference; lastKnownFileType = sourcecode.swift; path = LoopState.swift; sourceTree = "<group>"; };
		5CB6CC47542E2A29D674A5CD /* APIEndpoint.swift */ = {isa = PBXFileReference; lastKnownFileType = sourcecode.swift; path = APIEndpoint.swift; sourceTree = "<group>"; };
		5DC7F40C0A6E9091A11F6589 /* AppleSignInButton.swift */ = {isa = PBXFileReference; lastKnownFileType = sourcecode.swift; path = AppleSignInButton.swift; sourceTree = "<group>"; };
		6061552DC5C06560EA1A577A /* DeveloperView.swift */ = {isa = PBXFileReference; lastKnownFileType = sourcecode.swift; path = DeveloperView.swift; sourceTree = "<group>"; };
		64575DA20C9301EBF76203B2 /* SessionsViewModel.swift */ = {isa = PBXFileReference; lastKnownFileType = sourcecode.swift; path = SessionsViewModel.swift; sourceTree = "<group>"; };
		662016CB6238CF710740ECFA /* IntonavioApp.swift */ = {isa = PBXFileReference; lastKnownFileType = sourcecode.swift; path = IntonavioApp.swift; sourceTree = "<group>"; };
		664058ACF3A6AA975FF73C5C /* YouTubeLocalServer.swift */ = {isa = PBXFileReference; lastKnownFileType = sourcecode.swift; path = YouTubeLocalServer.swift; sourceTree = "<group>"; };
		68DA1164A44FECA38F6FA571 /* YouTubeBridge.swift */ = {isa = PBXFileReference; lastKnownFileType = sourcecode.swift; path = YouTubeBridge.swift; sourceTree = "<group>"; };
		69623959F702B91020E1C3F1 /* SessionModels.swift */ = {isa = PBXFileReference; lastKnownFileType = sourcecode.swift; path = SessionModels.swift; sourceTree = "<group>"; };
		6ADC13DAC58FDBAE06B6FDAA /* APIClientProtocol.swift */ = {isa = PBXFileReference; lastKnownFileType = sourcecode.swift; path = APIClientProtocol.swift; sourceTree = "<group>"; };
		6C2F82C1288FD1831969F7AC /* PianoRollGestureState.swift */ = {isa = PBXFileReference; includeInIndex = 1; lastKnownFileType = sourcecode.swift; path = PianoRollGestureState.swift; sourceTree = "<group>"; };
		6D838B316EBD35DBA8F5C732 /* SongStatusBadge.swift */ = {isa = PBXFileReference; lastKnownFileType = sourcecode.swift; path = SongStatusBadge.swift; sourceTree = "<group>"; };
		5113AEB3FF0010B5D2AC565F /* DesignSystem.swift */ = {isa = PBXFileReference; lastKnownFileType = sourcecode.swift; path = DesignSystem.swift; sourceTree = "<group>"; };
		718983613653D4E96648CCDD /* AppTheme.swift */ = {isa = PBXFileReference; lastKnownFileType = sourcecode.swift; path = AppTheme.swift; sourceTree = "<group>"; };
		79B2EAA4B1D7620FB45E10FD /* ExercisePitchGeneratorTests.swift */ = {isa = PBXFileReference; lastKnownFileType = sourcecode.swift; path = ExercisePitchGeneratorTests.swift; sourceTree = "<group>"; };
		79E86CFBEC3BBF7C1F117A5A /* NoteMapper.swift */ = {isa = PBXFileReference; lastKnownFileType = sourcecode.swift; path = NoteMapper.swift; sourceTree = "<group>"; };
		7B02866C705BCEAF0EA7B9BD /* YINDetector.swift */ = {isa = PBXFileReference; lastKnownFileType = sourcecode.swift; path = YINDetector.swift; sourceTree = "<group>"; };
		7CE79DBF676DB40ABC0BF92A /* PlaybackControlsView.swift */ = {isa = PBXFileReference; lastKnownFileType = sourcecode.swift; path = PlaybackControlsView.swift; sourceTree = "<group>"; };
		7F1667169734EC5B97FE9F2F /* YINDetectorTests.swift */ = {isa = PBXFileReference; lastKnownFileType = sourcecode.swift; path = YINDetectorTests.swift; sourceTree = "<group>"; };
		7FC75DFDD56751A36AAF8622 /* APIClient.swift */ = {isa = PBXFileReference; lastKnownFileType = sourcecode.swift; path = APIClient.swift; sourceTree = "<group>"; };
		81BED35799707A0550050A4B /* AudioMode.swift */ = {isa = PBXFileReference; lastKnownFileType = sourcecode.swift; path = AudioMode.swift; sourceTree = "<group>"; };
		82B18781098C07E3621C2E59 /* SessionDetailView.swift */ = {isa = PBXFileReference; lastKnownFileType = sourcecode.swift; path = SessionDetailView.swift; sourceTree = "<group>"; };
		82B75BB4DBC464BA99E6D810 /* ReferencePitchFrame.swift */ = {isa = PBXFileReference; lastKnownFileType = sourcecode.swift; path = ReferencePitchFrame.swift; sourceTree = "<group>"; };
		834E34232F41AC0C006D60D3 /* GeneralUser-GS.sf2 */ = {isa = PBXFileReference; lastKnownFileType = file; path = "GeneralUser-GS.sf2"; sourceTree = "<group>"; };
		8436184CAD35E298A54C8C48 /* AppState.swift */ = {isa = PBXFileReference; lastKnownFileType = sourcecode.swift; path = AppState.swift; sourceTree = "<group>"; };
		852BB623D1F4225635450C03 /* PianoRollGestureOverlay.swift */ = {isa = PBXFileReference; includeInIndex = 1; lastKnownFileType = sourcecode.swift; path = PianoRollGestureOverlay.swift; sourceTree = "<group>"; };
		85675CEA38A7A20EEDE1A406 /* MockAPIClient.swift */ = {isa = PBXFileReference; lastKnownFileType = sourcecode.swift; path = MockAPIClient.swift; sourceTree = "<group>"; };
		86FB71F0FC06628769770C5B /* VideoAudioSyncTests.swift */ = {isa = PBXFileReference; lastKnownFileType = sourcecode.swift; path = VideoAudioSyncTests.swift; sourceTree = "<group>"; };
		889DC8B2F5F95A0437D1D4EE /* SongPracticeView.swift */ = {isa = PBXFileReference; lastKnownFileType = sourcecode.swift; path = SongPracticeView.swift; sourceTree = "<group>"; };
		8C1F5BD11E8509D153E01895 /* PitchRecorder.swift */ = {isa = PBXFileReference; lastKnownFileType = sourcecode.swift; path = PitchRecorder.swift; sourceTree = "<group>"; };
		8F9347824CB01A0984BB9524 /* Info.plist */ = {isa = PBXFileReference; lastKnownFileType = text.plist; path = Info.plist; sourceTree = "<group>"; };
		922518DBC2492529E9DED83A /* ExerciseDefinitions.swift */ = {isa = PBXFileReference; lastKnownFileType = sourcecode.swift; path = ExerciseDefinitions.swift; sourceTree = "<group>"; };
		9599FF7799AB1A9E728BE069 /* PitchDetector.swift */ = {isa = PBXFileReference; lastKnownFileType = sourcecode.swift; path = PitchDetector.swift; sourceTree = "<group>"; };
		9637DFE1383806910AB44110 /* Logger.swift */ = {isa = PBXFileReference; lastKnownFileType = sourcecode.swift; path = Logger.swift; sourceTree = "<group>"; };
		96771944D29E6114AD258E69 /* AddSongSheet.swift */ = {isa = PBXFileReference; lastKnownFileType = sourcecode.swift; path = AddSongSheet.swift; sourceTree = "<group>"; };
		97CBE0920EF935138DF6FC7C /* MetronomeTick.swift */ = {isa = PBXFileReference; lastKnownFileType = sourcecode.swift; path = MetronomeTick.swift; sourceTree = "<group>"; };
		97DAF027FB67310C5B30599B /* LoopControlsView.swift */ = {isa = PBXFileReference; lastKnownFileType = sourcecode.swift; path = LoopControlsView.swift; sourceTree = "<group>"; };
		99505EB7FE1F165FDAB396BB /* PianoRollRenderer.swift */ = {isa = PBXFileReference; lastKnownFileType = sourcecode.swift; path = PianoRollRenderer.swift; sourceTree = "<group>"; };
		A1B2C3D4E5F60718293A4B5C /* AudioEngine.swift */ = {isa = PBXFileReference; lastKnownFileType = sourcecode.swift; path = AudioEngine.swift; sourceTree = "<group>"; };
		A3D17C5BC76C82062097F4A6 /* TransposeInterval.swift */ = {isa = PBXFileReference; lastKnownFileType = sourcecode.swift; path = TransposeInterval.swift; sourceTree = "<group>"; };
		A557DCB3FEB614983FAE453E /* ExercisePitchGenerator.swift */ = {isa = PBXFileReference; lastKnownFileType = sourcecode.swift; path = ExercisePitchGenerator.swift; sourceTree = "<group>"; };
		A60B2C125F8F2F63801D9E99 /* CodableModelTests.swift */ = {isa = PBXFileReference; lastKnownFileType = sourcecode.swift; path = CodableModelTests.swift; sourceTree = "<group>"; };
		AB646F181AB9563A408E57B2 /* SignUpView.swift */ = {isa = PBXFileReference; lastKnownFileType = sourcecode.swift; path = SignUpView.swift; sourceTree = "<group>"; };
		B2FB6568C2828D80413A5B24 /* ExerciseBrowserView.swift */ = {isa = PBXFileReference; lastKnownFileType = sourcecode.swift; path = ExerciseBrowserView.swift; sourceTree = "<group>"; };
		BAAB3E44A39E110F86A76894 /* AudioSessionManager.swift */ = {isa = PBXFileReference; lastKnownFileType = sourcecode.swift; path = AudioSessionManager.swift; sourceTree = "<group>"; };
		BB0001010101010101010101 /* PhraseScoreResult.swift */ = {isa = PBXFileReference; lastKnownFileType = sourcecode.swift; path = PhraseScoreResult.swift; sourceTree = "<group>"; };
		BB0002010101010101010101 /* ScoreRecord.swift */ = {isa = PBXFileReference; lastKnownFileType = sourcecode.swift; path = ScoreRecord.swift; sourceTree = "<group>"; };
		BB0003010101010101010101 /* ScoreRepository.swift */ = {isa = PBXFileReference; lastKnownFileType = sourcecode.swift; path = ScoreRepository.swift; sourceTree = "<group>"; };
		BB0004010101010101010101 /* PracticeViewModel+Phrases.swift */ = {isa = PBXFileReference; lastKnownFileType = sourcecode.swift; path = "PracticeViewModel+Phrases.swift"; sourceTree = "<group>"; };
		BB0005010101010101010101 /* PhraseScoreToastView.swift */ = {isa = PBXFileReference; lastKnownFileType = sourcecode.swift; path = PhraseScoreToastView.swift; sourceTree = "<group>"; };
		BB0006010101010101010101 /* ProgressLogView.swift */ = {isa = PBXFileReference; lastKnownFileType = sourcecode.swift; path = ProgressLogView.swift; sourceTree = "<group>"; };
		BB0007010101010101010101 /* PhraseScoreRowView.swift */ = {isa = PBXFileReference; lastKnownFileType = sourcecode.swift; path = PhraseScoreRowView.swift; sourceTree = "<group>"; };
		BB94EF4F47B7B91768D26EE8 /* PitchTypes.swift */ = {isa = PBXFileReference; lastKnownFileType = sourcecode.swift; path = PitchTypes.swift; sourceTree = "<group>"; };
		BF82DC900B1F855D0DFBCD2D /* Info-macOS.plist */ = {isa = PBXFileReference; lastKnownFileType = text.plist; path = "Info-macOS.plist"; sourceTree = "<group>"; };
		BFE40C36A3030574FC153F9C /* VideoAudioSync.swift */ = {isa = PBXFileReference; lastKnownFileType = sourcecode.swift; path = VideoAudioSync.swift; sourceTree = "<group>"; };
		C24751DB54EF1B6DA0BEED97 /* GuideToneInstrument.swift */ = {isa = PBXFileReference; lastKnownFileType = sourcecode.swift; path = GuideToneInstrument.swift; sourceTree = "<group>"; };
		C38386796F7F9FCA92E8F887 /* StemDownloader.swift */ = {isa = PBXFileReference; lastKnownFileType = sourcecode.swift; path = StemDownloader.swift; sourceTree = "<group>"; };
		C4E440DFF19E6DE4A7B5737D /* YouTubeURLValidator.swift */ = {isa = PBXFileReference; lastKnownFileType = sourcecode.swift; path = YouTubeURLValidator.swift; sourceTree = "<group>"; };
		C682B6234C631299654F8E6B /* ExercisePracticeViewModel.swift */ = {isa = PBXFileReference; lastKnownFileType = sourcecode.swift; path = ExercisePracticeViewModel.swift; sourceTree = "<group>"; };
		C95189340F2BA2B17D3EA90D /* PracticeViewModel+Pitch.swift */ = {isa = PBXFileReference; lastKnownFileType = sourcecode.swift; path = "PracticeViewModel+Pitch.swift"; sourceTree = "<group>"; };
		CA0569F33DE0FBF84AC8EC97 /* IntonavioMac.app */ = {isa = PBXFileReference; explicitFileType = wrapper.application; includeInIndex = 0; path = IntonavioMac.app; sourceTree = BUILT_PRODUCTS_DIR; };
		CD3F9FD70811F95A1EA21535 /* VisualizationMode.swift */ = {isa = PBXFileReference; lastKnownFileType = sourcecode.swift; path = VisualizationMode.swift; sourceTree = "<group>"; };
		CD6A1B7FA35A6F0523346FD6 /* PracticeViewModel+Audio.swift */ = {isa = PBXFileReference; lastKnownFileType = sourcecode.swift; path = "PracticeViewModel+Audio.swift"; sourceTree = "<group>"; };
		CE49E8BF2A76F2E96618F17B /* YouTubeURLValidatorTests.swift */ = {isa = PBXFileReference; lastKnownFileType = sourcecode.swift; path = YouTubeURLValidatorTests.swift; sourceTree = "<group>"; };
		CF72D25F9B2CE003A8CC1589 /* HomeView.swift */ = {isa = PBXFileReference; lastKnownFileType = sourcecode.swift; path = HomeView.swift; sourceTree = "<group>"; };
		CFB0170DA235F751AB0551B0 /* IntonavioTests.xctest */ = {isa = PBXFileReference; includeInIndex = 0; lastKnownFileType = wrapper.cfbundle; path = IntonavioTests.xctest; sourceTree = BUILT_PRODUCTS_DIR; };
		D6E3866A26CEA25A5361E33C /* PitchAccuracy.swift */ = {isa = PBXFileReference; lastKnownFileType = sourcecode.swift; path = PitchAccuracy.swift; sourceTree = "<group>"; };
		D73FDEF8391DAEF4CA02313F /* APIError.swift */ = {isa = PBXFileReference; lastKnownFileType = sourcecode.swift; path = APIError.swift; sourceTree = "<group>"; };
		DB8A307C4CE851A699727E97 /* PlatformColors.swift */ = {isa = PBXFileReference; lastKnownFileType = sourcecode.swift; path = PlatformColors.swift; sourceTree = "<group>"; };
		DBD375DB01D7DA35A14BEA8F /* SongGridItemView.swift */ = {isa = PBXFileReference; lastKnownFileType = sourcecode.swift; path = SongGridItemView.swift; sourceTree = "<group>"; };
		DC6E659C858ED0E2451E1E55 /* YouTubePlayerController.swift */ = {isa = PBXFileReference; lastKnownFileType = sourcecode.swift; path = YouTubePlayerController.swift; sourceTree = "<group>"; };
		DD158E2B7A33E186A33FF9E4 /* PracticeViewModel.swift */ = {isa = PBXFileReference; lastKnownFileType = sourcecode.swift; path = PracticeViewModel.swift; sourceTree = "<group>"; };
		DDAAE236C7E1D23140BC63C2 /* ProfileView.swift */ = {isa = PBXFileReference; lastKnownFileType = sourcecode.swift; path = ProfileView.swift; sourceTree = "<group>"; };
		E3A0C88CED22FB2FCE2F30E7 /* GuideToneSettingsView.swift */ = {isa = PBXFileReference; lastKnownFileType = sourcecode.swift; path = GuideToneSettingsView.swift; sourceTree = "<group>"; };
		E41BB99E57BD9C98FBD4D213 /* PracticeViewModel+Loop.swift */ = {isa = PBXFileReference; lastKnownFileType = sourcecode.swift; path = "PracticeViewModel+Loop.swift"; sourceTree = "<group>"; };
		E62471F5F8CF1C44E1FDCCC5 /* StemPlayerTests.swift */ = {isa = PBXFileReference; lastKnownFileType = sourcecode.swift; path = StemPlayerTests.swift; sourceTree = "<group>"; };
		E77029F045FDE2ADE1C481DB /* TimelineBarView.swift */ = {isa = PBXFileReference; lastKnownFileType = sourcecode.swift; path = TimelineBarView.swift; sourceTree = "<group>"; };
		EE1F1CA1B2C3D4E5F6070102 /* DifficultyLevel.swift */ = {isa = PBXFileReference; lastKnownFileType = sourcecode.swift; path = DifficultyLevel.swift; sourceTree = "<group>"; };
		EF76CA2A027B571C31E91D79 /* Intonavio.app */ = {isa = PBXFileReference; includeInIndex = 0; lastKnownFileType = wrapper.application; path = Intonavio.app; sourceTree = BUILT_PRODUCTS_DIR; };
		F3FFD7BF8A122953153D950F /* SpeedSelectorView.swift */ = {isa = PBXFileReference; lastKnownFileType = sourcecode.swift; path = SpeedSelectorView.swift; sourceTree = "<group>"; };
		F4817672FB867698FCBED39E /* SettingsViewModel.swift */ = {isa = PBXFileReference; lastKnownFileType = sourcecode.swift; path = SettingsViewModel.swift; sourceTree = "<group>"; };
		F5EA943D8BD029104B70DA9A /* AuthViewModelTests.swift */ = {isa = PBXFileReference; lastKnownFileType = sourcecode.swift; path = AuthViewModelTests.swift; sourceTree = "<group>"; };
		F7A10D37B355161804C8D491 /* TokenManager.swift */ = {isa = PBXFileReference; lastKnownFileType = sourcecode.swift; path = TokenManager.swift; sourceTree = "<group>"; };
		F9068AADA812D73DCE0E6639 /* APIClientTests.swift */ = {isa = PBXFileReference; lastKnownFileType = sourcecode.swift; path = APIClientTests.swift; sourceTree = "<group>"; };
		F914111CFFB02B01007B15DA /* LibraryViewModelTests.swift */ = {isa = PBXFileReference; lastKnownFileType = sourcecode.swift; path = LibraryViewModelTests.swift; sourceTree = "<group>"; };
		FD06120A65578A080033C797 /* DriftLogger.swift */ = {isa = PBXFileReference; lastKnownFileType = sourcecode.swift; path = DriftLogger.swift; sourceTree = "<group>"; };
/* End PBXFileReference section */

/* Begin PBXGroup section */
		02575A344895F8F9DCFB535F /* YouTube */ = {
			isa = PBXGroup;
			children = (
				168ECC98E299A652EAC0212D /* VideoPlayerProtocol.swift */,
				2F8933E58ABA95709B18A5B0 /* WebViewPrewarmer.swift */,
				68DA1164A44FECA38F6FA571 /* YouTubeBridge.swift */,
				4848A66AB0B34E1703B26528 /* YouTubeHTML.swift */,
				664058ACF3A6AA975FF73C5C /* YouTubeLocalServer.swift */,
				DC6E659C858ED0E2451E1E55 /* YouTubePlayerController.swift */,
				532C92000393851D59FBFD5B /* YouTubePlayerView.swift */,
			);
			path = YouTube;
			sourceTree = "<group>";
		};
		09686AF07D1AB4D3DBB51BB9 /* Networking */ = {
			isa = PBXGroup;
			children = (
				70A7F7B7B065FCADFD1E29DC /* Models */,
				7FC75DFDD56751A36AAF8622 /* APIClient.swift */,
				6ADC13DAC58FDBAE06B6FDAA /* APIClientProtocol.swift */,
				5CB6CC47542E2A29D674A5CD /* APIEndpoint.swift */,
				D73FDEF8391DAEF4CA02313F /* APIError.swift */,
				85675CEA38A7A20EEDE1A406 /* MockAPIClient.swift */,
				F7A10D37B355161804C8D491 /* TokenManager.swift */,
			);
			path = Networking;
			sourceTree = "<group>";
		};
		15E7664E404C03BDCF5917F2 /* PianoRoll */ = {
			isa = PBXGroup;
			children = (
				1D10B56668E742CB8F91899B /* CurrentNoteView.swift */,
				1963E3CB41E9D646E77D19FC /* DetectedPitchPoint.swift */,
				2EC025290DC1018DE1D65290 /* PianoRollCanvas.swift */,
				99505EB7FE1F165FDAB396BB /* PianoRollRenderer.swift */,
				3E94D752689AB11BBB2A5BAB /* PianoRollView.swift */,
				3137C8265D70443B89752CB7 /* PitchDebugOverlay.swift */,
				CD3F9FD70811F95A1EA21535 /* VisualizationMode.swift */,
				6C2F82C1288FD1831969F7AC /* PianoRollGestureState.swift */,
				2F993E47BCE88D2B242C83AE /* PianoRollMomentumEngine.swift */,
				852BB623D1F4225635450C03 /* PianoRollGestureOverlay.swift */,
			);
			path = PianoRoll;
			sourceTree = "<group>";
		};
		1E77958BA043AA47EB5CB4F9 /* App */ = {
			isa = PBXGroup;
			children = (
				8436184CAD35E298A54C8C48 /* AppState.swift */,
				718983613653D4E96648CCDD /* AppTheme.swift */,
				2BC3833EA35109660C0D2E79 /* ContentView.swift */,
				5113AEB3FF0010B5D2AC565F /* DesignSystem.swift */,
				662016CB6238CF710740ECFA /* IntonavioApp.swift */,
			);
			path = App;
			sourceTree = "<group>";
		};
		2BC2D4D862629DCCE5D3C18E /* Library */ = {
			isa = PBXGroup;
			children = (
				96771944D29E6114AD258E69 /* AddSongSheet.swift */,
				B2FB6568C2828D80413A5B24 /* ExerciseBrowserView.swift */,
				309F663BE9A701E43FDC32BD /* ExerciseSectionView.swift */,
				CF72D25F9B2CE003A8CC1589 /* HomeView.swift */,
				4B61153C08EBE37FC59EF91C /* LibraryViewModel.swift */,
				DBD375DB01D7DA35A14BEA8F /* SongGridItemView.swift */,
				6D838B316EBD35DBA8F5C732 /* SongStatusBadge.swift */,
			);
			path = Library;
			sourceTree = "<group>";
		};
		2D589ED44972EBEF49D018A5 /* Intonavio */ = {
			isa = PBXGroup;
			children = (
				1E77958BA043AA47EB5CB4F9 /* App */,
				ECC01A6A85C505DB1295B409 /* Audio */,
				CC0001010101010101010101 /* Data */,
				6B3EAC0273FD3D363A8C7C5F /* Features */,
				09686AF07D1AB4D3DBB51BB9 /* Networking */,
				492C396C68EAB85DD06CD5CB /* Utilities */,
				02575A344895F8F9DCFB535F /* YouTube */,
				BF82DC900B1F855D0DFBCD2D /* Info-macOS.plist */,
				8F9347824CB01A0984BB9524 /* Info.plist */,
				0CDD8E3C13172EA93857E093 /* Intonavio.entitlements */,
				0C5C6F1A822EE04120BCF0CC /* IntonavioMac.entitlements */,
			);
			path = Intonavio;
			sourceTree = "<group>";
		};
		3450D609ABDAB9686926996F /* Practice */ = {
			isa = PBXGroup;
			children = (
				15E7664E404C03BDCF5917F2 /* PianoRoll */,
				361E25A7825079651368DB58 /* ControlsBarView.swift */,
				15D584CD202B8D0825C5C689 /* ExercisePracticeView.swift */,
				C682B6234C631299654F8E6B /* ExercisePracticeViewModel.swift */,
				97DAF027FB67310C5B30599B /* LoopControlsView.swift */,
				226EBB068E7A096222281A51 /* LoopScoreToastView.swift */,
				5BDF7BCFBF727E3EDB26BFAA /* LoopState.swift */,
				BB0005010101010101010101 /* PhraseScoreToastView.swift */,
				7CE79DBF676DB40ABC0BF92A /* PlaybackControlsView.swift */,
				41DF42E8DDEB37A70C265320 /* PracticeLayoutMode.swift */,
				DD158E2B7A33E186A33FF9E4 /* PracticeViewModel.swift */,
				CD6A1B7FA35A6F0523346FD6 /* PracticeViewModel+Audio.swift */,
				E41BB99E57BD9C98FBD4D213 /* PracticeViewModel+Loop.swift */,
				C95189340F2BA2B17D3EA90D /* PracticeViewModel+Pitch.swift */,
				BB0004010101010101010101 /* PracticeViewModel+Phrases.swift */,
				889DC8B2F5F95A0437D1D4EE /* SongPracticeView.swift */,
				F3FFD7BF8A122953153D950F /* SpeedSelectorView.swift */,
				E77029F045FDE2ADE1C481DB /* TimelineBarView.swift */,
			);
			path = Practice;
			sourceTree = "<group>";
		};
		492C396C68EAB85DD06CD5CB /* Utilities */ = {
			isa = PBXGroup;
			children = (
				FD06120A65578A080033C797 /* DriftLogger.swift */,
				9637DFE1383806910AB44110 /* Logger.swift */,
				DB8A307C4CE851A699727E97 /* PlatformColors.swift */,
				2E9321A422E306664C50F59E /* PlatformModifiers.swift */,
				C4E440DFF19E6DE4A7B5737D /* YouTubeURLValidator.swift */,
			);
			path = Utilities;
			sourceTree = "<group>";
		};
		4E74573780C02FC0B00088F8 /* Sessions */ = {
			isa = PBXGroup;
			children = (
				82B18781098C07E3621C2E59 /* SessionDetailView.swift */,
				27BC0DE1929D212818E0628B /* SessionHistoryView.swift */,
				380D8C325CD89BF114F6027F /* SessionRowView.swift */,
				64575DA20C9301EBF76203B2 /* SessionsViewModel.swift */,
			);
			path = Sessions;
			sourceTree = "<group>";
		};
		553C5BD7EA0D3149C0F3F2B4 /* Auth */ = {
			isa = PBXGroup;
			children = (
				F5EA943D8BD029104B70DA9A /* AuthViewModelTests.swift */,
			);
			path = Auth;
			sourceTree = "<group>";
		};
		5A0C2AF248E9FC5B2280EAAF /* Pitch */ = {
			isa = PBXGroup;
			children = (
				BAAB3E44A39E110F86A76894 /* AudioSessionManager.swift */,
				EE1F1CA1B2C3D4E5F6070102 /* DifficultyLevel.swift */,
				922518DBC2492529E9DED83A /* ExerciseDefinitions.swift */,
				A557DCB3FEB614983FAE453E /* ExercisePitchGenerator.swift */,
				79E86CFBEC3BBF7C1F117A5A /* NoteMapper.swift */,
				BB0001010101010101010101 /* PhraseScoreResult.swift */,
				D6E3866A26CEA25A5361E33C /* PitchAccuracy.swift */,
				4E53968AB4EA7CEFDE95BE5F /* PitchDataDownloader.swift */,
				9599FF7799AB1A9E728BE069 /* PitchDetector.swift */,
				8C1F5BD11E8509D153E01895 /* PitchRecorder.swift */,
				BB94EF4F47B7B91768D26EE8 /* PitchTypes.swift */,
				82B75BB4DBC464BA99E6D810 /* ReferencePitchFrame.swift */,
				464CE004041C12734782ADCA /* ReferencePitchStore.swift */,
				374C4FE318BBF25BEF647785 /* ScoringEngine.swift */,
				A3D17C5BC76C82062097F4A6 /* TransposeInterval.swift */,
				7B02866C705BCEAF0EA7B9BD /* YINDetector.swift */,
			);
			path = Pitch;
			sourceTree = "<group>";
		};
		5D6418442E21BCEF2A6863C3 /* IntonavioTests */ = {
			isa = PBXGroup;
			children = (
				C9FE1946B4FBD3ADF88F2E43 /* Audio */,
				553C5BD7EA0D3149C0F3F2B4 /* Auth */,
				FB7EE155934422EDB109FC41 /* Library */,
				9D678C62ED91AB3645C59A74 /* Networking */,
				F3EE4A6AFB139D24D4439C1D /* Sessions */,
				67AD258BAB015C7295DD5FED /* Utilities */,
				17B763937F90150633F0562A /* IntonavioTests.swift */,
			);
			path = IntonavioTests;
			sourceTree = "<group>";
		};
		67AD258BAB015C7295DD5FED /* Utilities */ = {
			isa = PBXGroup;
			children = (
				CE49E8BF2A76F2E96618F17B /* YouTubeURLValidatorTests.swift */,
			);
			path = Utilities;
			sourceTree = "<group>";
		};
		6B3EAC0273FD3D363A8C7C5F /* Features */ = {
			isa = PBXGroup;
			children = (
				EE24ED8B2734702BA5291F38 /* Auth */,
				2BC2D4D862629DCCE5D3C18E /* Library */,
				3450D609ABDAB9686926996F /* Practice */,
				CC0002010101010101010101 /* Progress */,
				4E74573780C02FC0B00088F8 /* Sessions */,
				FA79DB7E058B855904D1DAF0 /* Settings */,
			);
			path = Features;
			sourceTree = "<group>";
		};
		6F6ECC9480537365FA2AFE1C /* Products */ = {
			isa = PBXGroup;
			children = (
				834E34232F41AC0C006D60D3 /* GeneralUser-GS.sf2 */,
				EF76CA2A027B571C31E91D79 /* Intonavio.app */,
				CA0569F33DE0FBF84AC8EC97 /* IntonavioMac.app */,
				CFB0170DA235F751AB0551B0 /* IntonavioTests.xctest */,
			);
			name = Products;
			sourceTree = "<group>";
		};
		70A7F7B7B065FCADFD1E29DC /* Models */ = {
			isa = PBXGroup;
			children = (
				10238C6B87AA0F28A9174418 /* AuthModels.swift */,
				3F0E53F84A0A7375CEF3F225 /* PaginatedResponse.swift */,
				69623959F702B91020E1C3F1 /* SessionModels.swift */,
				4899195EC6381428FCC674C3 /* SongModels.swift */,
			);
			path = Models;
			sourceTree = "<group>";
		};
		9D678C62ED91AB3645C59A74 /* Networking */ = {
			isa = PBXGroup;
			children = (
				F9068AADA812D73DCE0E6639 /* APIClientTests.swift */,
				A60B2C125F8F2F63801D9E99 /* CodableModelTests.swift */,
			);
			path = Networking;
			sourceTree = "<group>";
		};
		A4098EBC745E499563DA13C3 = {
			isa = PBXGroup;
			children = (
				2D589ED44972EBEF49D018A5 /* Intonavio */,
				5D6418442E21BCEF2A6863C3 /* IntonavioTests */,
				6F6ECC9480537365FA2AFE1C /* Products */,
			);
			sourceTree = "<group>";
		};
		C9FE1946B4FBD3ADF88F2E43 /* Audio */ = {
			isa = PBXGroup;
			children = (
				79B2EAA4B1D7620FB45E10FD /* ExercisePitchGeneratorTests.swift */,
				3CB33B9710330046E639D370 /* NoteMapperTests.swift */,
				27E84C03F2466B81AD07EAF5 /* ReferencePitchStoreTests.swift */,
				348CCC13773D3BB43E48E652 /* ScoringEngineTests.swift */,
				E62471F5F8CF1C44E1FDCCC5 /* StemPlayerTests.swift */,
				86FB71F0FC06628769770C5B /* VideoAudioSyncTests.swift */,
				7F1667169734EC5B97FE9F2F /* YINDetectorTests.swift */,
			);
			path = Audio;
			sourceTree = "<group>";
		};
		CC0001010101010101010101 /* Data */ = {
			isa = PBXGroup;
			children = (
				BB0002010101010101010101 /* ScoreRecord.swift */,
				BB0003010101010101010101 /* ScoreRepository.swift */,
			);
			path = Data;
			sourceTree = "<group>";
		};
		CC0002010101010101010101 /* Progress */ = {
			isa = PBXGroup;
			children = (
				BB0007010101010101010101 /* PhraseScoreRowView.swift */,
				BB0006010101010101010101 /* ProgressLogView.swift */,
			);
			path = Progress;
			sourceTree = "<group>";
		};
		ECC01A6A85C505DB1295B409 /* Audio */ = {
			isa = PBXGroup;
			children = (
				5A0C2AF248E9FC5B2280EAAF /* Pitch */,
				A1B2C3D4E5F60718293A4B5C /* AudioEngine.swift */,
				29A595D193E0EEC54F803314 /* GuideTone.swift */,
				C24751DB54EF1B6DA0BEED97 /* GuideToneInstrument.swift */,
				81BED35799707A0550050A4B /* AudioMode.swift */,
				97CBE0920EF935138DF6FC7C /* MetronomeTick.swift */,
				C38386796F7F9FCA92E8F887 /* StemDownloader.swift */,
				0A5EED91336F487C29EA35D8 /* StemPlayer.swift */,
				BFE40C36A3030574FC153F9C /* VideoAudioSync.swift */,
			);
			path = Audio;
			sourceTree = "<group>";
		};
		EE24ED8B2734702BA5291F38 /* Auth */ = {
			isa = PBXGroup;
			children = (
				5DC7F40C0A6E9091A11F6589 /* AppleSignInButton.swift */,
				46A754DD725F4121E04EAD26 /* AuthViewModel.swift */,
				0D4128412563F845B0391F6D /* SignInView.swift */,
				AB646F181AB9563A408E57B2 /* SignUpView.swift */,
			);
			path = Auth;
			sourceTree = "<group>";
		};
		F3EE4A6AFB139D24D4439C1D /* Sessions */ = {
			isa = PBXGroup;
			children = (
				4F0CC23B92DE7D8EE5E7E945 /* SessionsViewModelTests.swift */,
			);
			path = Sessions;
			sourceTree = "<group>";
		};
		FA79DB7E058B855904D1DAF0 /* Settings */ = {
			isa = PBXGroup;
			children = (
				6061552DC5C06560EA1A577A /* DeveloperView.swift */,
				E3A0C88CED22FB2FCE2F30E7 /* GuideToneSettingsView.swift */,
				DDAAE236C7E1D23140BC63C2 /* ProfileView.swift */,
				02CC2F56981B7AC5426C8AE4 /* SettingsView.swift */,
				F4817672FB867698FCBED39E /* SettingsViewModel.swift */,
			);
			path = Settings;
			sourceTree = "<group>";
		};
		FB7EE155934422EDB109FC41 /* Library */ = {
			isa = PBXGroup;
			children = (
				F914111CFFB02B01007B15DA /* LibraryViewModelTests.swift */,
			);
			path = Library;
			sourceTree = "<group>";
		};
/* End PBXGroup section */

/* Begin PBXNativeTarget section */
		0106DA225372C55EA27E3104 /* IntonavioMac */ = {
			isa = PBXNativeTarget;
			buildConfigurationList = E6FB00EA40FB7A29C84D6A2E /* Build configuration list for PBXNativeTarget "IntonavioMac" */;
			buildPhases = (
				831E7DCE8E567B697C91A84D /* Sources */,
				459A2F6608C511D427740B45 /* Resources */,
			);
			buildRules = (
			);
			dependencies = (
			);
			name = IntonavioMac;
			productName = IntonavioMac;
			productReference = CA0569F33DE0FBF84AC8EC97 /* IntonavioMac.app */;
			productType = "com.apple.product-type.application";
		};
		4507CC176DFD40FE91381C64 /* Intonavio */ = {
			isa = PBXNativeTarget;
			buildConfigurationList = AFC5DA6294908977CCBE9469 /* Build configuration list for PBXNativeTarget "Intonavio" */;
			buildPhases = (
				38D7B567B84D4AF7230D8A57 /* Sources */,
				703EFEC4D9968AA8727704E3 /* Resources */,
			);
			buildRules = (
			);
			dependencies = (
			);
			name = Intonavio;
			productName = Intonavio;
			productReference = EF76CA2A027B571C31E91D79 /* Intonavio.app */;
			productType = "com.apple.product-type.application";
		};
		B54A63475A02207D396CE78D /* IntonavioTests */ = {
			isa = PBXNativeTarget;
			buildConfigurationList = 700573C3C0DB207BD7DB3C9E /* Build configuration list for PBXNativeTarget "IntonavioTests" */;
			buildPhases = (
				F0E27CC5478C875AA8ED18BA /* Sources */,
			);
			buildRules = (
			);
			dependencies = (
				69F3ED742E72D983DA778090 /* PBXTargetDependency */,
			);
			name = IntonavioTests;
			productName = IntonavioTests;
			productReference = CFB0170DA235F751AB0551B0 /* IntonavioTests.xctest */;
			productType = "com.apple.product-type.bundle.unit-test";
		};
/* End PBXNativeTarget section */

/* Begin PBXProject section */
		C955FBC019839311232EB0A1 /* Project object */ = {
			isa = PBXProject;
			attributes = {
				BuildIndependentTargetsInParallel = YES;
				LastUpgradeCheck = 1430;
				TargetAttributes = {
					0106DA225372C55EA27E3104 = {
						DevelopmentTeam = BSDVBGN72H;
						ProvisioningStyle = Automatic;
					};
					4507CC176DFD40FE91381C64 = {
						DevelopmentTeam = BSDVBGN72H;
						ProvisioningStyle = Automatic;
					};
					B54A63475A02207D396CE78D = {
						DevelopmentTeam = BSDVBGN72H;
						ProvisioningStyle = Automatic;
					};
				};
			};
			buildConfigurationList = F2115141D5FDCB65E3F51357 /* Build configuration list for PBXProject "Intonavio" */;
			compatibilityVersion = "Xcode 14.0";
			developmentRegion = en;
			hasScannedForEncodings = 0;
			knownRegions = (
				Base,
				en,
			);
			mainGroup = A4098EBC745E499563DA13C3;
			minimizedProjectReferenceProxies = 1;
			productRefGroup = 6F6ECC9480537365FA2AFE1C /* Products */;
			projectDirPath = "";
			projectRoot = "";
			targets = (
				4507CC176DFD40FE91381C64 /* Intonavio */,
				0106DA225372C55EA27E3104 /* IntonavioMac */,
				B54A63475A02207D396CE78D /* IntonavioTests */,
			);
		};
/* End PBXProject section */

/* Begin PBXResourcesBuildPhase section */
		459A2F6608C511D427740B45 /* Resources */ = {
			isa = PBXResourcesBuildPhase;
			buildActionMask = 2147483647;
			files = (
				834E34242F41AC0C006D60D3 /* GeneralUser-GS.sf2 in Resources */,
			);
			runOnlyForDeploymentPostprocessing = 0;
		};
		703EFEC4D9968AA8727704E3 /* Resources */ = {
			isa = PBXResourcesBuildPhase;
			buildActionMask = 2147483647;
			files = (
				834E34252F41AC0C006D60D3 /* GeneralUser-GS.sf2 in Resources */,
			);
			runOnlyForDeploymentPostprocessing = 0;
		};
/* End PBXResourcesBuildPhase section */

/* Begin PBXSourcesBuildPhase section */
		38D7B567B84D4AF7230D8A57 /* Sources */ = {
			isa = PBXSourcesBuildPhase;
			buildActionMask = 2147483647;
			files = (
				5C8DBD08A6F80862E925405B /* GuideTone.swift in Sources */,
				C0FA1595836E0A1762265B72 /* GuideToneInstrument.swift in Sources */,
				F50F2D55398A64A09DFFAAB1 /* GuideToneSettingsView.swift in Sources */,
				3CA45A0ACB429A25420E9530 /* APIClient.swift in Sources */,
				DEF9510820B2DCC1182AEEE4 /* APIClientProtocol.swift in Sources */,
				598BE23B10D73A4A60C8B782 /* APIEndpoint.swift in Sources */,
				415DA1CDCB6E6172DAB388A5 /* APIError.swift in Sources */,
				60EFDC7CC6CD34236713FADE /* AddSongSheet.swift in Sources */,
				9DB7732D7C116D874E7AD31E /* AppState.swift in Sources */,
				3E9AA0EF1F23E31CC42C04AF /* AppTheme.swift in Sources */,
				105A9FA98E72B3D732DE7FC4 /* DesignSystem.swift in Sources */,
				F7E969F8146B91E7F790F08D /* AppleSignInButton.swift in Sources */,
				E909DC01BC018C170D9E5F02 /* AudioMode.swift in Sources */,
				66F6A8F6BAEC57A3C469C858 /* AudioSessionManager.swift in Sources */,
				56869397947917FA43AB0041 /* AuthModels.swift in Sources */,
				80D77208626438B1BECE2129 /* AuthViewModel.swift in Sources */,
				DD656D6D879D3BE1A6426624 /* ContentView.swift in Sources */,
				8F144A6E0FDEBCA15F16FC4D /* ControlsBarView.swift in Sources */,
				15B5BA5AE4BE0911AFF76C05 /* CurrentNoteView.swift in Sources */,
				E4BE7F22B9A888E79732CDB0 /* DetectedPitchPoint.swift in Sources */,
				C688FF253E725974B88FAE04 /* DeveloperView.swift in Sources */,
				EA81770A6AB59977394E6A32 /* DriftLogger.swift in Sources */,
				C6F7FF81C15C1F88983A604F /* ExerciseBrowserView.swift in Sources */,
				1391F8B41593BAA8E486EF65 /* ExerciseDefinitions.swift in Sources */,
				456A10BD439E273FF6B863D7 /* ExercisePitchGenerator.swift in Sources */,
				9D96117269544E657685E157 /* ExercisePracticeView.swift in Sources */,
				6B614AE15A7BDE8060BDB179 /* ExercisePracticeViewModel.swift in Sources */,
				AE74817352C0A65167FD3608 /* ExerciseSectionView.swift in Sources */,
				942A2480FEE98DA7E43194F3 /* HomeView.swift in Sources */,
				C6A862208DB98DAB56DD5C32 /* IntonavioApp.swift in Sources */,
				3542BD3F32FE3A60186475BD /* LibraryViewModel.swift in Sources */,
				18239F3DCE0A3FD281D951F4 /* Logger.swift in Sources */,
				B71DCC9D91AF341C853CFC1E /* LoopControlsView.swift in Sources */,
				22403B6DC6484694DDF81E04 /* LoopScoreToastView.swift in Sources */,
				34E29EE0F322BE2D369E4694 /* LoopState.swift in Sources */,
				00A1B2C3D4E5F60718293A4B /* AudioEngine.swift in Sources */,
				948A90A78B8988F73C2C6D4E /* MetronomeTick.swift in Sources */,
				8D09205FA0E70F989F2F07F6 /* MockAPIClient.swift in Sources */,
				7B71A0F36CC753563A0EF65A /* NoteMapper.swift in Sources */,
				F3D30919AEA9C1CF1F893265 /* PaginatedResponse.swift in Sources */,
				28E6A22D67AC8061D5D73FA2 /* PianoRollCanvas.swift in Sources */,
				5C81E39D92EEC02C6C8B98E1 /* PianoRollRenderer.swift in Sources */,
				485E70F9F891782ED5FB331E /* PianoRollView.swift in Sources */,
				AA0005010101010101010101 /* PhraseScoreToastView.swift in Sources */,
				AA0007010101010101010101 /* PhraseScoreRowView.swift in Sources */,
				AA0001010101010101010101 /* PhraseScoreResult.swift in Sources */,
				00DD1F1CA1B2C3D4E5F60701 /* DifficultyLevel.swift in Sources */,
				00EEE68720960E08F7DF6855 /* PitchAccuracy.swift in Sources */,
				B0C04BF234A3DE7E3BF69C69 /* PitchDataDownloader.swift in Sources */,
				978809C38F25B5FA9831C387 /* PitchDebugOverlay.swift in Sources */,
				063BC7053F48B733905F3BDF /* PitchDetector.swift in Sources */,
				AE336CEF2503FD692486955A /* PitchRecorder.swift in Sources */,
				658DF0962F05C178D7D41351 /* PitchTypes.swift in Sources */,
				0E0286805F5CE41A90837336 /* PlatformColors.swift in Sources */,
				F7A439FB9A6DCBDE09930187 /* PlatformModifiers.swift in Sources */,
				1FA1A600734D78B7AF26B4A0 /* PlaybackControlsView.swift in Sources */,
				743409B93E414D02BE90D7FE /* PracticeLayoutMode.swift in Sources */,
				669BC7514D5960F432AC55A9 /* PracticeViewModel+Audio.swift in Sources */,
				D1EF7950B8D4D281EFB85C92 /* PracticeViewModel+Loop.swift in Sources */,
				FC5F67503E628B7735CE11E7 /* PracticeViewModel+Pitch.swift in Sources */,
				AA0004010101010101010101 /* PracticeViewModel+Phrases.swift in Sources */,
				041194E9D875882E304AA4F8 /* PracticeViewModel.swift in Sources */,
				AA0006010101010101010101 /* ProgressLogView.swift in Sources */,
				15414742F5841832BB1ECB4F /* ProfileView.swift in Sources */,
				B74CE9669226A57359D41A6B /* ReferencePitchFrame.swift in Sources */,
				492FF5E88238E96DC3F0997C /* ReferencePitchStore.swift in Sources */,
				4E9EDB51DDD898BE6C04B921 /* ScoringEngine.swift in Sources */,
				AA0002010101010101010101 /* ScoreRecord.swift in Sources */,
				AA0003010101010101010101 /* ScoreRepository.swift in Sources */,
				E8BAA488E815F225B56CA3F3 /* SessionDetailView.swift in Sources */,
				78C20407FF97B52CCA88894A /* SessionHistoryView.swift in Sources */,
				0CCFE13190CA8BC994A57880 /* SessionModels.swift in Sources */,
				8DA32B8827A6A304AFD1335B /* SessionRowView.swift in Sources */,
				1B0237A3B570A9BD8571BDE8 /* SessionsViewModel.swift in Sources */,
				787AF793AA7EF3D254B846B1 /* SettingsView.swift in Sources */,
				C2DC9532C655575BB8E0D6B5 /* SettingsViewModel.swift in Sources */,
				A94AB807D76DDD85E63DEE29 /* SignInView.swift in Sources */,
				888ACDD93C73BE2127295250 /* SignUpView.swift in Sources */,
				373551A48CD63D07D4D1DCAC /* SongGridItemView.swift in Sources */,
				A92C274CE5B51B742400F0D2 /* SongModels.swift in Sources */,
				4B316FB76B08702FC90F4F1C /* SongPracticeView.swift in Sources */,
				018FDB9EB144C35A12F2B395 /* SongStatusBadge.swift in Sources */,
				4363B7E007E6A56D648D0389 /* SpeedSelectorView.swift in Sources */,
				1121B2EEB4D48BBF9065A8CD /* StemDownloader.swift in Sources */,
				5F4D69B8A99F8AC16AB3F104 /* StemPlayer.swift in Sources */,
				5577A895FF5BACC9156456F4 /* TimelineBarView.swift in Sources */,
				BCC5E694ABE36F8492440B4C /* TokenManager.swift in Sources */,
				B9A39DF9066A894F9E789376 /* TransposeInterval.swift in Sources */,
				E51C85CE2DD761831E85B36B /* VideoAudioSync.swift in Sources */,
				63128C1794FC42FF8ED3FBEC /* VideoPlayerProtocol.swift in Sources */,
				DB6F5DF5D2170233A3D3CEB1 /* VisualizationMode.swift in Sources */,
				97A8D271FC6361F5A9E5A3BA /* WebViewPrewarmer.swift in Sources */,
				5142A23155B019E9A9750D12 /* YINDetector.swift in Sources */,
				9E174ABA96E3313F04E5C983 /* YouTubeBridge.swift in Sources */,
				E3AEC757351CCABB725EEF14 /* YouTubeHTML.swift in Sources */,
				4643D88018256E31843E3B4B /* YouTubeLocalServer.swift in Sources */,
				F8CC0DE9195709C8C39F7E7D /* YouTubePlayerController.swift in Sources */,
				426D82EDBDBE647C29E284F1 /* YouTubePlayerView.swift in Sources */,
				7AA5321CCCEB783A4772145B /* YouTubeURLValidator.swift in Sources */,
				1877AFC68A5307C8DDA58D2A /* PianoRollGestureState.swift in Sources */,
				0F4A459C44DA3E1F59F42438 /* PianoRollMomentumEngine.swift in Sources */,
				CCAA3E555F2050BEBEAAE580 /* PianoRollGestureOverlay.swift in Sources */,
			);
			runOnlyForDeploymentPostprocessing = 0;
		};
		831E7DCE8E567B697C91A84D /* Sources */ = {
			isa = PBXSourcesBuildPhase;
			buildActionMask = 2147483647;
			files = (
				3F9AA1360310F10FAF72DF06 /* GuideTone.swift in Sources */,
				AF1827FC6A7B43E83B46D709 /* GuideToneInstrument.swift in Sources */,
				DD68BCE312D8490605BCA469 /* GuideToneSettingsView.swift in Sources */,
				E8C089997AC5891F330B0534 /* APIClient.swift in Sources */,
				C1DBD05E1071319F05F7569B /* APIClientProtocol.swift in Sources */,
				093B0111B65DC056F03AF94C /* APIEndpoint.swift in Sources */,
				76F412935583B43160971CF3 /* APIError.swift in Sources */,
				3342B8B910F323E33A559C16 /* AddSongSheet.swift in Sources */,
				7C0222DE15A046DC45F19E0C /* AppState.swift in Sources */,
				A794F85EF6A0CD911082F750 /* AppTheme.swift in Sources */,
				8A1539CF9B71B55CCF2D8956 /* DesignSystem.swift in Sources */,
				82089B4B292F846FBC1CDEC0 /* AppleSignInButton.swift in Sources */,
				FC1AEA8498EE1E659FDDF95A /* AudioMode.swift in Sources */,
				42582A2B6FEFCCDAA9D9F05B /* AudioSessionManager.swift in Sources */,
				6B1CB49CC903EF3841499827 /* AuthModels.swift in Sources */,
				6DBFF9BD16C0884F39F1DB15 /* AuthViewModel.swift in Sources */,
				37B64B9DEEA3007C64CB7CF6 /* ContentView.swift in Sources */,
				F8DED1902F578D15CC6A3DA2 /* ControlsBarView.swift in Sources */,
				33C33105982A965A806FC824 /* CurrentNoteView.swift in Sources */,
				A578CBDDD457220FE9189F11 /* DetectedPitchPoint.swift in Sources */,
				6B4060CE23A5365B0F8A4E6C /* DeveloperView.swift in Sources */,
				4A66628A042A125B2B7EABBA /* DriftLogger.swift in Sources */,
				5982070C272F91032C1C4C29 /* ExerciseBrowserView.swift in Sources */,
				FE18011CC57489C327BE43DB /* ExerciseDefinitions.swift in Sources */,
				779CDC9087F0E1045B4FD7EB /* ExercisePitchGenerator.swift in Sources */,
				1CB974EA4CE0C0DE340762F6 /* ExercisePracticeView.swift in Sources */,
				1681626AD31A43F10FE81A9A /* ExercisePracticeViewModel.swift in Sources */,
				99E6D914C08E5E3A39486095 /* ExerciseSectionView.swift in Sources */,
				81CD80582FB3FE3B15B045C9 /* HomeView.swift in Sources */,
				7623BB8F196C8E73DEB1EE22 /* IntonavioApp.swift in Sources */,
				64282B47A40C861E110B6E21 /* LibraryViewModel.swift in Sources */,
				ED58B01B77BCE1B530B6EC96 /* Logger.swift in Sources */,
				60CA75E1FF52CE707F51231A /* LoopControlsView.swift in Sources */,
				D6000111A22EA30E3317FFB5 /* LoopScoreToastView.swift in Sources */,
				1DFED3CC58434EA9826BACE8 /* LoopState.swift in Sources */,
				00A1B2C3D4E5F60718293A5C /* AudioEngine.swift in Sources */,
				F6495CAB4F1ABDABB96405C2 /* MetronomeTick.swift in Sources */,
				2F57476F02D130B2201A5652 /* MockAPIClient.swift in Sources */,
				85BB0B8FB629AE6B4D9950BB /* NoteMapper.swift in Sources */,
				E1E489C14B84FDA445B5843D /* PaginatedResponse.swift in Sources */,
				85691C820ED72DAFF00498E4 /* PianoRollCanvas.swift in Sources */,
				AD1C3F64E11125DC8163C516 /* PianoRollRenderer.swift in Sources */,
				988E8E6CBDE2351E710F50B2 /* PianoRollView.swift in Sources */,
				AA0005010101010101010102 /* PhraseScoreToastView.swift in Sources */,
				AA0007010101010101010102 /* PhraseScoreRowView.swift in Sources */,
				AA0001010101010101010102 /* PhraseScoreResult.swift in Sources */,
				7DDD1F1CA1B2C3D4E5F60702 /* DifficultyLevel.swift in Sources */,
				7E52812781C420D7A529D19C /* PitchAccuracy.swift in Sources */,
				E30C87CD29FA0140D7868279 /* PitchDataDownloader.swift in Sources */,
				B89A05DDB6E345A18B79DD45 /* PitchDebugOverlay.swift in Sources */,
				6CDB705B1E2016275FE81865 /* PitchDetector.swift in Sources */,
				D77376D98A441E6212FEA017 /* PitchRecorder.swift in Sources */,
				B8B19C23947D0D22C8EBE9A5 /* PitchTypes.swift in Sources */,
				CDA03D991E8F7C8FCCEAB28C /* PlatformColors.swift in Sources */,
				9E4CFF5669A74DF76929FA1E /* PlatformModifiers.swift in Sources */,
				655FB633337E8DFC2E84B367 /* PlaybackControlsView.swift in Sources */,
				7F3FBC5167FB0E6D513DEB61 /* PracticeLayoutMode.swift in Sources */,
				36998054AFA4EA9C79F2114E /* PracticeViewModel+Audio.swift in Sources */,
				F45DB58D34A75832C45D98B8 /* PracticeViewModel+Loop.swift in Sources */,
				EB917702B7F5DBB0B3A9DEF3 /* PracticeViewModel+Pitch.swift in Sources */,
				AA0004010101010101010102 /* PracticeViewModel+Phrases.swift in Sources */,
				A4E777F39F21C61050CE001B /* PracticeViewModel.swift in Sources */,
				AA0006010101010101010102 /* ProgressLogView.swift in Sources */,
				7F373B10CDAC1EEF699706BE /* ProfileView.swift in Sources */,
				B48957EFC5802CE187D9901C /* ReferencePitchFrame.swift in Sources */,
				CA4ACE791D70CCCE53B105D5 /* ReferencePitchStore.swift in Sources */,
				916BDEA5214726B7895A58C4 /* ScoringEngine.swift in Sources */,
				AA0002010101010101010102 /* ScoreRecord.swift in Sources */,
				AA0003010101010101010102 /* ScoreRepository.swift in Sources */,
				7A16F33CD50E315D9EBBE00E /* SessionDetailView.swift in Sources */,
				9C2331457481C802FBEE204B /* SessionHistoryView.swift in Sources */,
				6CFAB821436DBDC1CBB5FABB /* SessionModels.swift in Sources */,
				D277DE5F19DDEB299F61C89D /* SessionRowView.swift in Sources */,
				72361956E9FA504887381EF1 /* SessionsViewModel.swift in Sources */,
				CAFBC09B526DC5D92E3B0D14 /* SettingsView.swift in Sources */,
				EE5111C7CE796359C4F3E9BE /* SettingsViewModel.swift in Sources */,
				738FFF89E2FD5816E21813F2 /* SignInView.swift in Sources */,
				E68FF03D60E9749337C3ADEC /* SignUpView.swift in Sources */,
				287C8536B5893117206FE636 /* SongGridItemView.swift in Sources */,
				F9BD18D67954FADBA5588763 /* SongModels.swift in Sources */,
				CF13936FD27257B88410B724 /* SongPracticeView.swift in Sources */,
				8B83CF784EC1048E94334FA2 /* SongStatusBadge.swift in Sources */,
				70C2B86B9E6A5939AF320219 /* SpeedSelectorView.swift in Sources */,
				EE33AEC06D6112591F50575E /* StemDownloader.swift in Sources */,
				F8EB06BCD453E596C265FD6D /* StemPlayer.swift in Sources */,
				E75B542BDA3EBD3D5C029AA2 /* TimelineBarView.swift in Sources */,
				EDC0846700588CDBCB88B7A2 /* TokenManager.swift in Sources */,
				4DFCD1BCEE520A7DE731FD34 /* TransposeInterval.swift in Sources */,
				20F64DF8BF9DAA37127F467F /* VideoAudioSync.swift in Sources */,
				8CF15DC976DE86384D63BA3E /* VideoPlayerProtocol.swift in Sources */,
				D786A14103259833BE0B46ED /* VisualizationMode.swift in Sources */,
				1C2F80424876CDCB4081075F /* WebViewPrewarmer.swift in Sources */,
				ECE455F92DB7AB48816321AF /* YINDetector.swift in Sources */,
				4E643C3C37BE67E95988F64C /* YouTubeBridge.swift in Sources */,
				69AA378B866468055D2523A2 /* YouTubeHTML.swift in Sources */,
				2FACE7DA73E36E929677B1F2 /* YouTubeLocalServer.swift in Sources */,
				38564A214A65811F4C808136 /* YouTubePlayerController.swift in Sources */,
				7CAA8EF13DC95BD152B37330 /* YouTubePlayerView.swift in Sources */,
				2B96F935482D6E3A305F0377 /* YouTubeURLValidator.swift in Sources */,
			);
			runOnlyForDeploymentPostprocessing = 0;
		};
		F0E27CC5478C875AA8ED18BA /* Sources */ = {
			isa = PBXSourcesBuildPhase;
			buildActionMask = 2147483647;
			files = (
				D0AF1F48B7D77F2B30F0471F /* APIClientTests.swift in Sources */,
				50E3CD7E0939EC7C1EF98B85 /* AuthViewModelTests.swift in Sources */,
				BBAC6A2DA9F98CBDF4B1700E /* CodableModelTests.swift in Sources */,
				BFBABD729B100AB445B2FFA0 /* ExercisePitchGeneratorTests.swift in Sources */,
				B399BBAFDD9AE402663522BA /* IntonavioTests.swift in Sources */,
				B42263E63AAAC35CDC135864 /* LibraryViewModelTests.swift in Sources */,
				A8BDD0AD049454EAC70E689A /* NoteMapperTests.swift in Sources */,
				A0285A25441B4ADEF368F760 /* ReferencePitchStoreTests.swift in Sources */,
				93745239B967DFDE952F507F /* ScoringEngineTests.swift in Sources */,
				C31F1AC2ED998A36DE006CDC /* SessionsViewModelTests.swift in Sources */,
				6159E62ECD0DD419764F783B /* StemPlayerTests.swift in Sources */,
				D798DF3A659712AAD6E2CC06 /* VideoAudioSyncTests.swift in Sources */,
				9CD84EA62F6825F4FD983364 /* YINDetectorTests.swift in Sources */,
				15BFFADAEB1CE7B74ABF8704 /* YouTubeURLValidatorTests.swift in Sources */,
			);
			runOnlyForDeploymentPostprocessing = 0;
		};
/* End PBXSourcesBuildPhase section */

/* Begin PBXTargetDependency section */
		69F3ED742E72D983DA778090 /* PBXTargetDependency */ = {
			isa = PBXTargetDependency;
			target = 4507CC176DFD40FE91381C64 /* Intonavio */;
			targetProxy = 3C0C19C3BF38342ABD187F5A /* PBXContainerItemProxy */;
		};
/* End PBXTargetDependency section */

/* Begin XCBuildConfiguration section */
		02E7091BC72D3A6EA0B37FB3 /* Debug */ = {
			isa = XCBuildConfiguration;
			buildSettings = {
				API_BASE_URL = "http://localhost:3000/v1";
				ASSETCATALOG_COMPILER_APPICON_NAME = AppIcon;
				CODE_SIGN_ENTITLEMENTS = Intonavio/IntonavioMac.entitlements;
				COMBINE_HIDPI_IMAGES = YES;
				CURRENT_PROJECT_VERSION = 1;
				INFOPLIST_FILE = "Intonavio/Info-macOS.plist";
				LD_RUNPATH_SEARCH_PATHS = (
					"$(inherited)",
					"@executable_path/../Frameworks",
				);
				MARKETING_VERSION = 1.0.0;
				PRODUCT_BUNDLE_IDENTIFIER = com.intonavio.mac;
				SDKROOT = macosx;
			};
			name = Debug;
		};
		086D734DB784E8D7FDFFD9A3 /* Release */ = {
			isa = XCBuildConfiguration;
			buildSettings = {
				BUNDLE_LOADER = "$(TEST_HOST)";
				GENERATE_INFOPLIST_FILE = YES;
				LD_RUNPATH_SEARCH_PATHS = (
					"$(inherited)",
					"@executable_path/Frameworks",
					"@loader_path/Frameworks",
				);
				PRODUCT_BUNDLE_IDENTIFIER = com.intonavio.app.tests;
				SDKROOT = iphoneos;
				TARGETED_DEVICE_FAMILY = "1,2";
				TEST_HOST = "$(BUILT_PRODUCTS_DIR)/Intonavio.app/$(BUNDLE_EXECUTABLE_FOLDER_PATH)/Intonavio";
			};
			name = Release;
		};
		13B518CC88EBA40A5BE019C7 /* Release */ = {
			isa = XCBuildConfiguration;
			buildSettings = {
				API_BASE_URL = "http://localhost:3000/v1";
				ASSETCATALOG_COMPILER_APPICON_NAME = AppIcon;
				CODE_SIGN_ENTITLEMENTS = Intonavio/IntonavioMac.entitlements;
				COMBINE_HIDPI_IMAGES = YES;
				CURRENT_PROJECT_VERSION = 1;
				INFOPLIST_FILE = "Intonavio/Info-macOS.plist";
				LD_RUNPATH_SEARCH_PATHS = (
					"$(inherited)",
					"@executable_path/../Frameworks",
				);
				MARKETING_VERSION = 1.0.0;
				PRODUCT_BUNDLE_IDENTIFIER = com.intonavio.mac;
				SDKROOT = macosx;
			};
			name = Release;
		};
		307800861FA266B226D572A8 /* Debug */ = {
			isa = XCBuildConfiguration;
			buildSettings = {
				BUNDLE_LOADER = "$(TEST_HOST)";
				GENERATE_INFOPLIST_FILE = YES;
				LD_RUNPATH_SEARCH_PATHS = (
					"$(inherited)",
					"@executable_path/Frameworks",
					"@loader_path/Frameworks",
				);
				PRODUCT_BUNDLE_IDENTIFIER = com.intonavio.app.tests;
				SDKROOT = iphoneos;
				TARGETED_DEVICE_FAMILY = "1,2";
				TEST_HOST = "$(BUILT_PRODUCTS_DIR)/Intonavio.app/$(BUNDLE_EXECUTABLE_FOLDER_PATH)/Intonavio";
			};
			name = Debug;
		};
		76075146DCD615CDC40F4AC6 /* Debug */ = {
			isa = XCBuildConfiguration;
			buildSettings = {
				API_BASE_URL = "http://localhost:3000/v1";
				ASSETCATALOG_COMPILER_APPICON_NAME = AppIcon;
				CODE_SIGN_ENTITLEMENTS = Intonavio/Intonavio.entitlements;
				CODE_SIGN_IDENTITY = "iPhone Developer";
				CURRENT_PROJECT_VERSION = 1;
				INFOPLIST_FILE = Intonavio/Info.plist;
				INFOPLIST_KEY_UISupportedInterfaceOrientations_iPad = "UIInterfaceOrientationPortrait UIInterfaceOrientationPortraitUpsideDown UIInterfaceOrientationLandscapeLeft UIInterfaceOrientationLandscapeRight";
				INFOPLIST_KEY_UISupportedInterfaceOrientations_iPhone = UIInterfaceOrientationPortrait;
				LD_RUNPATH_SEARCH_PATHS = (
					"$(inherited)",
					"@executable_path/Frameworks",
				);
				MARKETING_VERSION = 1.0.0;
				PRODUCT_BUNDLE_IDENTIFIER = com.intonavio.app;
				SDKROOT = iphoneos;
				SUPPORTED_PLATFORMS = "iphoneos iphonesimulator";
				SUPPORTS_MACCATALYST = NO;
				SUPPORTS_MAC_DESIGNED_FOR_IPHONE_IPAD = NO;
				TARGETED_DEVICE_FAMILY = "1,2";
			};
			name = Debug;
		};
		780436EB65FE4FD77904470F /* Release */ = {
			isa = XCBuildConfiguration;
			buildSettings = {
				ALWAYS_SEARCH_USER_PATHS = NO;
				CLANG_ANALYZER_NONNULL = YES;
				CLANG_ANALYZER_NUMBER_OBJECT_CONVERSION = YES_AGGRESSIVE;
				CLANG_CXX_LANGUAGE_STANDARD = "gnu++14";
				CLANG_CXX_LIBRARY = "libc++";
				CLANG_ENABLE_MODULES = YES;
				CLANG_ENABLE_OBJC_ARC = YES;
				CLANG_ENABLE_OBJC_WEAK = YES;
				CLANG_WARN_BLOCK_CAPTURE_AUTORELEASING = YES;
				CLANG_WARN_BOOL_CONVERSION = YES;
				CLANG_WARN_COMMA = YES;
				CLANG_WARN_CONSTANT_CONVERSION = YES;
				CLANG_WARN_DEPRECATED_OBJC_IMPLEMENTATIONS = YES;
				CLANG_WARN_DIRECT_OBJC_ISA_USAGE = YES_ERROR;
				CLANG_WARN_DOCUMENTATION_COMMENTS = YES;
				CLANG_WARN_EMPTY_BODY = YES;
				CLANG_WARN_ENUM_CONVERSION = YES;
				CLANG_WARN_INFINITE_RECURSION = YES;
				CLANG_WARN_INT_CONVERSION = YES;
				CLANG_WARN_NON_LITERAL_NULL_CONVERSION = YES;
				CLANG_WARN_OBJC_IMPLICIT_RETAIN_SELF = YES;
				CLANG_WARN_OBJC_LITERAL_CONVERSION = YES;
				CLANG_WARN_OBJC_ROOT_CLASS = YES_ERROR;
				CLANG_WARN_QUOTED_INCLUDE_IN_FRAMEWORK_HEADER = YES;
				CLANG_WARN_RANGE_LOOP_ANALYSIS = YES;
				CLANG_WARN_STRICT_PROTOTYPES = YES;
				CLANG_WARN_SUSPICIOUS_MOVE = YES;
				CLANG_WARN_UNGUARDED_AVAILABILITY = YES_AGGRESSIVE;
				CLANG_WARN_UNREACHABLE_CODE = YES;
				CLANG_WARN__DUPLICATE_METHOD_MATCH = YES;
				CODE_SIGN_STYLE = Automatic;
				COPY_PHASE_STRIP = NO;
				DEBUG_INFORMATION_FORMAT = "dwarf-with-dsym";
				DEVELOPMENT_TEAM = BSDVBGN72H;
				ENABLE_NS_ASSERTIONS = NO;
				ENABLE_STRICT_OBJC_MSGSEND = YES;
				GCC_C_LANGUAGE_STANDARD = gnu11;
				GCC_NO_COMMON_BLOCKS = YES;
				GCC_WARN_64_TO_32_BIT_CONVERSION = YES;
				GCC_WARN_ABOUT_RETURN_TYPE = YES_ERROR;
				GCC_WARN_UNDECLARED_SELECTOR = YES;
				GCC_WARN_UNINITIALIZED_AUTOS = YES_AGGRESSIVE;
				GCC_WARN_UNUSED_FUNCTION = YES;
				GCC_WARN_UNUSED_VARIABLE = YES;
				IPHONEOS_DEPLOYMENT_TARGET = 17.0;
				MACOSX_DEPLOYMENT_TARGET = 14.0;
				MTL_ENABLE_DEBUG_INFO = NO;
				MTL_FAST_MATH = YES;
				PRODUCT_NAME = "$(TARGET_NAME)";
				SWIFT_COMPILATION_MODE = wholemodule;
				SWIFT_OPTIMIZATION_LEVEL = "-O";
				SWIFT_STRICT_CONCURRENCY = complete;
				SWIFT_VERSION = 5.9;
			};
			name = Release;
		};
		7B279B9021CEDC9D96E3680E /* Debug */ = {
			isa = XCBuildConfiguration;
			buildSettings = {
				ALWAYS_SEARCH_USER_PATHS = NO;
				CLANG_ANALYZER_NONNULL = YES;
				CLANG_ANALYZER_NUMBER_OBJECT_CONVERSION = YES_AGGRESSIVE;
				CLANG_CXX_LANGUAGE_STANDARD = "gnu++14";
				CLANG_CXX_LIBRARY = "libc++";
				CLANG_ENABLE_MODULES = YES;
				CLANG_ENABLE_OBJC_ARC = YES;
				CLANG_ENABLE_OBJC_WEAK = YES;
				CLANG_WARN_BLOCK_CAPTURE_AUTORELEASING = YES;
				CLANG_WARN_BOOL_CONVERSION = YES;
				CLANG_WARN_COMMA = YES;
				CLANG_WARN_CONSTANT_CONVERSION = YES;
				CLANG_WARN_DEPRECATED_OBJC_IMPLEMENTATIONS = YES;
				CLANG_WARN_DIRECT_OBJC_ISA_USAGE = YES_ERROR;
				CLANG_WARN_DOCUMENTATION_COMMENTS = YES;
				CLANG_WARN_EMPTY_BODY = YES;
				CLANG_WARN_ENUM_CONVERSION = YES;
				CLANG_WARN_INFINITE_RECURSION = YES;
				CLANG_WARN_INT_CONVERSION = YES;
				CLANG_WARN_NON_LITERAL_NULL_CONVERSION = YES;
				CLANG_WARN_OBJC_IMPLICIT_RETAIN_SELF = YES;
				CLANG_WARN_OBJC_LITERAL_CONVERSION = YES;
				CLANG_WARN_OBJC_ROOT_CLASS = YES_ERROR;
				CLANG_WARN_QUOTED_INCLUDE_IN_FRAMEWORK_HEADER = YES;
				CLANG_WARN_RANGE_LOOP_ANALYSIS = YES;
				CLANG_WARN_STRICT_PROTOTYPES = YES;
				CLANG_WARN_SUSPICIOUS_MOVE = YES;
				CLANG_WARN_UNGUARDED_AVAILABILITY = YES_AGGRESSIVE;
				CLANG_WARN_UNREACHABLE_CODE = YES;
				CLANG_WARN__DUPLICATE_METHOD_MATCH = YES;
				CODE_SIGN_STYLE = Automatic;
				COPY_PHASE_STRIP = NO;
				DEBUG_INFORMATION_FORMAT = dwarf;
				DEVELOPMENT_TEAM = BSDVBGN72H;
				ENABLE_STRICT_OBJC_MSGSEND = YES;
				ENABLE_TESTABILITY = YES;
				GCC_C_LANGUAGE_STANDARD = gnu11;
				GCC_DYNAMIC_NO_PIC = NO;
				GCC_NO_COMMON_BLOCKS = YES;
				GCC_OPTIMIZATION_LEVEL = 0;
				GCC_PREPROCESSOR_DEFINITIONS = (
					"$(inherited)",
					"DEBUG=1",
				);
				GCC_WARN_64_TO_32_BIT_CONVERSION = YES;
				GCC_WARN_ABOUT_RETURN_TYPE = YES_ERROR;
				GCC_WARN_UNDECLARED_SELECTOR = YES;
				GCC_WARN_UNINITIALIZED_AUTOS = YES_AGGRESSIVE;
				GCC_WARN_UNUSED_FUNCTION = YES;
				GCC_WARN_UNUSED_VARIABLE = YES;
				IPHONEOS_DEPLOYMENT_TARGET = 17.0;
				MACOSX_DEPLOYMENT_TARGET = 14.0;
				MTL_ENABLE_DEBUG_INFO = INCLUDE_SOURCE;
				MTL_FAST_MATH = YES;
				ONLY_ACTIVE_ARCH = YES;
				PRODUCT_NAME = "$(TARGET_NAME)";
				SWIFT_ACTIVE_COMPILATION_CONDITIONS = DEBUG;
				SWIFT_OPTIMIZATION_LEVEL = "-Onone";
				SWIFT_STRICT_CONCURRENCY = complete;
				SWIFT_VERSION = 5.9;
			};
			name = Debug;
		};
		ED7A5A688140F4990A8EE958 /* Release */ = {
			isa = XCBuildConfiguration;
			buildSettings = {
				API_BASE_URL = "http://localhost:3000/v1";
				ASSETCATALOG_COMPILER_APPICON_NAME = AppIcon;
				CODE_SIGN_ENTITLEMENTS = Intonavio/Intonavio.entitlements;
				CODE_SIGN_IDENTITY = "iPhone Developer";
				CURRENT_PROJECT_VERSION = 1;
				INFOPLIST_FILE = Intonavio/Info.plist;
				INFOPLIST_KEY_UISupportedInterfaceOrientations_iPad = "UIInterfaceOrientationPortrait UIInterfaceOrientationPortraitUpsideDown UIInterfaceOrientationLandscapeLeft UIInterfaceOrientationLandscapeRight";
				INFOPLIST_KEY_UISupportedInterfaceOrientations_iPhone = UIInterfaceOrientationPortrait;
				LD_RUNPATH_SEARCH_PATHS = (
					"$(inherited)",
					"@executable_path/Frameworks",
				);
				MARKETING_VERSION = 1.0.0;
				PRODUCT_BUNDLE_IDENTIFIER = com.intonavio.app;
				SDKROOT = iphoneos;
				SUPPORTED_PLATFORMS = "iphoneos iphonesimulator";
				SUPPORTS_MACCATALYST = NO;
				SUPPORTS_MAC_DESIGNED_FOR_IPHONE_IPAD = NO;
				TARGETED_DEVICE_FAMILY = "1,2";
			};
			name = Release;
		};
/* End XCBuildConfiguration section */

/* Begin XCConfigurationList section */
		700573C3C0DB207BD7DB3C9E /* Build configuration list for PBXNativeTarget "IntonavioTests" */ = {
			isa = XCConfigurationList;
			buildConfigurations = (
				307800861FA266B226D572A8 /* Debug */,
				086D734DB784E8D7FDFFD9A3 /* Release */,
			);
			defaultConfigurationIsVisible = 0;
			defaultConfigurationName = Debug;
		};
		AFC5DA6294908977CCBE9469 /* Build configuration list for PBXNativeTarget "Intonavio" */ = {
			isa = XCConfigurationList;
			buildConfigurations = (
				76075146DCD615CDC40F4AC6 /* Debug */,
				ED7A5A688140F4990A8EE958 /* Release */,
			);
			defaultConfigurationIsVisible = 0;
			defaultConfigurationName = Debug;
		};
		E6FB00EA40FB7A29C84D6A2E /* Build configuration list for PBXNativeTarget "IntonavioMac" */ = {
			isa = XCConfigurationList;
			buildConfigurations = (
				02E7091BC72D3A6EA0B37FB3 /* Debug */,
				13B518CC88EBA40A5BE019C7 /* Release */,
			);
			defaultConfigurationIsVisible = 0;
			defaultConfigurationName = Debug;
		};
		F2115141D5FDCB65E3F51357 /* Build configuration list for PBXProject "Intonavio" */ = {
			isa = XCConfigurationList;
			buildConfigurations = (
				7B279B9021CEDC9D96E3680E /* Debug */,
				780436EB65FE4FD77904470F /* Release */,
			);
			defaultConfigurationIsVisible = 0;
			defaultConfigurationName = Debug;
		};
/* End XCConfigurationList section */
	};
	rootObject = C955FBC019839311232EB0A1 /* Project object */;
}
